{
  "version": 1,
  "dependencies": {
    "net7.0": {
      "coverlet.collector": {
        "type": "Direct",
        "requested": "[3.2.0, )",
        "resolved": "3.2.0",
        "contentHash": "xjY8xBigSeWIYs4I7DgUHqSNoGqnHi7Fv7/7RZD02rvZyG3hlsjnQKiVKVWKgr9kRKgmV+dEfu8KScvysiC0Wg=="
      },
      "FluentAssertions": {
        "type": "Direct",
        "requested": "[6.8.0, )",
        "resolved": "6.8.0",
        "contentHash": "NfSlAG97wMxS48Ov+wQEhJITdn4bKrgtKrG4sCPrFBVKozpC57lQ2vzsPdxUOsPbfEgEQTMtvCDECxIlDBfgNA==",
        "dependencies": {
          "System.Configuration.ConfigurationManager": "4.4.0"
        }
      },
      "Microsoft.NET.Test.Sdk": {
        "type": "Direct",
        "requested": "[17.4.0, )",
        "resolved": "17.4.0",
        "contentHash": "VtNZQ83ntG2aEUjy1gq6B4HNdn96se6FmdY/03At8WiqDReGrApm6OB2fNiSHz9D6IIEtWtNZ2FSH0RJDVXl/w==",
        "dependencies": {
          "Microsoft.CodeCoverage": "17.4.0",
          "Microsoft.TestPlatform.TestHost": "17.4.0"
        }
      },
      "NUnit": {
        "type": "Direct",
        "requested": "[3.13.3, )",
        "resolved": "3.13.3",
        "contentHash": "KNPDpls6EfHwC3+nnA67fh5wpxeLb3VLFAfLxrug6JMYDLHH6InaQIWR7Sc3y75d/9IKzMksH/gi08W7XWbmnQ==",
        "dependencies": {
          "NETStandard.Library": "2.0.0"
        }
      },
      "NUnit3TestAdapter": {
        "type": "Direct",
        "requested": "[4.3.0, )",
        "resolved": "4.3.0",
        "contentHash": "oXlDbkGW01VPPgI8P/XQ+PZHqaJoWtV90WuAkR0yN8HC3hiPivy2AaBZP3lqOql4RFqdxvF5qYSuaeWI+7/wGg=="
      },
      "NunitXml.TestLogger": {
        "type": "Direct",
        "requested": "[3.0.127, )",
        "resolved": "3.0.127",
        "contentHash": "v8cEbYVSZGwCD6290yKeRCsRpOwYcgnng1YRrQKGgP79mHuxj1b1lpb6kA02QoLUM5/Qv9aDSLmS0U05m6HlJg=="
      },
      "SonarAnalyzer.CSharp": {
        "type": "Direct",
        "requested": "[8.48.0.56517, )",
        "resolved": "8.48.0.56517",
        "contentHash": "0xyWPd2/8Xjed3+0K70bau/y/3oz5Kxpu52Jo0qT4HM5pnULRl0Fk+hsJ6K8TlruVfJVMgRS5yBfnriihgo+iA=="
      },
      "Autofac": {
        "type": "Transitive",
        "resolved": "6.5.0",
        "contentHash": "sm6HWWBDEoTPGXeyOchMygJ/7L89VxmVH72BFxakG88J34AVjA8RMi5jbv3PdpUtXI/d9ZLKOaxCmOSIo2K4aA==",
        "dependencies": {
          "System.Diagnostics.DiagnosticSource": "4.7.1"
        }
      },
      "Autofac.Extensions.DependencyInjection": {
        "type": "Transitive",
        "resolved": "8.0.0",
        "contentHash": "nGrXNpQX2FiZpIBydK9cxZnnoqP/cUd3k/53uRERYEqLtWzKtE15R6L+j5q5ax5Rv/+3wAIkOaPePkahfqrwjg==",
        "dependencies": {
          "Autofac": "6.4.0",
          "Microsoft.Extensions.DependencyInjection.Abstractions": "6.0.0"
        }
      },
      "Microsoft.ApplicationInsights": {
        "type": "Transitive",
        "resolved": "2.20.0",
        "contentHash": "mb+EC5j06Msn5HhKrhrsMAst6JxvYUnphQMGY2cixCabgGAO3q79Y8o/p1Zce1Azgd1IVkRKAMzAV4vDCbXOqA==",
        "dependencies": {
          "System.Diagnostics.DiagnosticSource": "5.0.0"
        }
      },
      "Microsoft.AspNetCore.Authentication.JwtBearer": {
        "type": "Transitive",
        "resolved": "7.0.0",
        "contentHash": "q2suMVl1gO6rBJkV7rxm0F2sBufValm2RKxY3zoWN4y6cAufDJYmzpLWPKju3kKFJFKNgivWgoTw0dvf4W5QDQ==",
        "dependencies": {
          "Microsoft.IdentityModel.Protocols.OpenIdConnect": "6.15.1"
        }
      },
      "Microsoft.CodeCoverage": {
        "type": "Transitive",
        "resolved": "17.4.0",
        "contentHash": "2oZbSVTC2nAvQ2DnbXLlXS+c25ZyZdWeNd+znWwAxwGaPh9dwQ5NBsYyqQB7sKmJKIUdkKGmN3rzFzjVC81Dtg=="
      },
      "Microsoft.CSharp": {
        "type": "Transitive",
        "resolved": "4.5.0",
        "contentHash": "kaj6Wb4qoMuH3HySFJhxwQfe8R/sJsNJnANrvv8WdFPMoNbKY5htfNscv+LHCu5ipz+49m2e+WQXpLXr9XYemQ=="
      },
      "Microsoft.EntityFrameworkCore": {
        "type": "Transitive",
        "resolved": "7.0.0",
        "contentHash": "9W+IfmAzMrp2ZpKZLhgTlWljSBM9Erldis1us61DAGi+L7Q6vilTbe1G2zDxtYO8F2H0I0Qnupdx5Cp4s2xoZw==",
        "dependencies": {
          "Microsoft.EntityFrameworkCore.Abstractions": "7.0.0",
          "Microsoft.EntityFrameworkCore.Analyzers": "7.0.0",
          "Microsoft.Extensions.Caching.Memory": "7.0.0",
          "Microsoft.Extensions.DependencyInjection": "7.0.0",
          "Microsoft.Extensions.Logging": "7.0.0"
        }
      },
      "Microsoft.EntityFrameworkCore.Abstractions": {
        "type": "Transitive",
        "resolved": "7.0.0",
        "contentHash": "Pfu3Zjj5+d2Gt27oE9dpGiF/VobBB+s5ogrfI9sBsXQE1SG49RqVz5+IyeNnzhyejFrPIQsPDRMchhcojy4Hbw=="
      },
      "Microsoft.EntityFrameworkCore.Analyzers": {
        "type": "Transitive",
        "resolved": "7.0.0",
        "contentHash": "Qkd2H+jLe37o5ku+LjT6qf7kAHY75Yfn2bBDQgqr13DTOLYpEy1Mt93KPFjaZvIu/srEcbfGGMRL7urKm5zN8Q=="
      },
      "Microsoft.EntityFrameworkCore.Relational": {
        "type": "Transitive",
        "resolved": "7.0.0",
        "contentHash": "eQiYygtR2xZ0Uy7KtiFRHpoEx/U8xNwbNRgu1pEJgSxbJLtg6tDL1y2YcIbSuIRSNEljXIIHq/apEhGm1QL70g==",
        "dependencies": {
          "Microsoft.EntityFrameworkCore": "7.0.0",
          "Microsoft.Extensions.Configuration.Abstractions": "7.0.0"
        }
      },
      "Microsoft.Extensions.Caching.Abstractions": {
        "type": "Transitive",
        "resolved": "7.0.0",
        "contentHash": "IeimUd0TNbhB4ded3AbgBLQv2SnsiVugDyGV1MvspQFVlA07nDC7Zul7kcwH5jWN3JiTcp/ySE83AIJo8yfKjg==",
        "dependencies": {
          "Microsoft.Extensions.Primitives": "7.0.0"
        }
      },
      "Microsoft.Extensions.Caching.Memory": {
        "type": "Transitive",
        "resolved": "7.0.0",
        "contentHash": "xpidBs2KCE2gw1JrD0quHE72kvCaI3xFql5/Peb2GRtUuZX+dYPoK/NTdVMiM67Svym0M0Df9A3xyU0FbMQhHw==",
        "dependencies": {
          "Microsoft.Extensions.Caching.Abstractions": "7.0.0",
          "Microsoft.Extensions.DependencyInjection.Abstractions": "7.0.0",
          "Microsoft.Extensions.Logging.Abstractions": "7.0.0",
          "Microsoft.Extensions.Options": "7.0.0",
          "Microsoft.Extensions.Primitives": "7.0.0"
        }
      },
      "Microsoft.Extensions.Configuration.Abstractions": {
        "type": "Transitive",
        "resolved": "7.0.0",
        "contentHash": "f34u2eaqIjNO9YLHBz8rozVZ+TcFiFs0F3r7nUJd7FRkVSxk8u4OpoK226mi49MwexHOR2ibP9MFvRUaLilcQQ==",
        "dependencies": {
          "Microsoft.Extensions.Primitives": "7.0.0"
        }
      },
      "Microsoft.Extensions.Configuration.Binder": {
        "type": "Transitive",
        "resolved": "7.0.0",
        "contentHash": "tgU4u7bZsoS9MKVRiotVMAwHtbREHr5/5zSEV+JPhg46+ox47Au84E3D2IacAaB0bk5ePNaNieTlPrfjbbRJkg==",
        "dependencies": {
          "Microsoft.Extensions.Configuration.Abstractions": "7.0.0"
        }
      },
      "Microsoft.Extensions.DependencyInjection": {
        "type": "Transitive",
        "resolved": "7.0.0",
        "contentHash": "elNeOmkeX3eDVG6pYVeV82p29hr+UKDaBhrZyWvWLw/EVZSYEkZlQdkp0V39k/Xehs2Qa0mvoCvkVj3eQxNQ1Q==",
        "dependencies": {
          "Microsoft.Extensions.DependencyInjection.Abstractions": "7.0.0"
        }
      },
      "Microsoft.Extensions.DependencyInjection.Abstractions": {
        "type": "Transitive",
        "resolved": "7.0.0",
        "contentHash": "h3j/QfmFN4S0w4C2A6X7arXij/M/OVw3uQHSOFxnND4DyAzO1F9eMX7Eti7lU/OkSthEE0WzRsfT/Dmx86jzCw=="
      },
      "Microsoft.Extensions.DependencyModel": {
        "type": "Transitive",
        "resolved": "3.0.0",
        "contentHash": "Iaectmzg9Dc4ZbKX/FurrRjgO/I8rTumL5UU+Uube6vZuGetcnXoIgTA94RthFWePhdMVm8MMhVFJZdbzMsdyQ==",
        "dependencies": {
          "System.Text.Json": "4.6.0"
        }
      },
      "Microsoft.Extensions.FileProviders.Abstractions": {
        "type": "Transitive",
        "resolved": "7.0.0",
        "contentHash": "NyawiW9ZT/liQb34k9YqBSNPLuuPkrjMgQZ24Y/xXX1RoiBkLUdPMaQTmxhZ5TYu8ZKZ9qayzil75JX95vGQUg==",
        "dependencies": {
          "Microsoft.Extensions.Primitives": "7.0.0"
        }
      },
      "Microsoft.Extensions.Hosting.Abstractions": {
        "type": "Transitive",
        "resolved": "7.0.0",
        "contentHash": "43n9Je09z0p/7ViPxfRqs5BUItRLNVh5b6JH40F2Agkh2NBsY/jpNYTtbCcxrHCsA3oRmbR6RJBzUutB4VZvNQ==",
        "dependencies": {
          "Microsoft.Extensions.Configuration.Abstractions": "7.0.0",
          "Microsoft.Extensions.DependencyInjection.Abstractions": "7.0.0",
          "Microsoft.Extensions.FileProviders.Abstractions": "7.0.0"
        }
      },
      "Microsoft.Extensions.Logging": {
        "type": "Transitive",
        "resolved": "7.0.0",
        "contentHash": "Nw2muoNrOG5U5qa2ZekXwudUn2BJcD41e65zwmDHb1fQegTX66UokLWZkJRpqSSHXDOWZ5V0iqhbxOEky91atA==",
        "dependencies": {
          "Microsoft.Extensions.DependencyInjection": "7.0.0",
          "Microsoft.Extensions.DependencyInjection.Abstractions": "7.0.0",
          "Microsoft.Extensions.Logging.Abstractions": "7.0.0",
          "Microsoft.Extensions.Options": "7.0.0"
        }
      },
      "Microsoft.Extensions.Logging.Abstractions": {
        "type": "Transitive",
        "resolved": "7.0.0",
        "contentHash": "kmn78+LPVMOWeITUjIlfxUPDsI0R6G0RkeAMBmQxAJ7vBJn4q2dTva7pWi65ceN5vPGjJ9q/Uae2WKgvfktJAw=="
      },
      "Microsoft.Extensions.Logging.Configuration": {
        "type": "Transitive",
        "resolved": "3.1.0",
        "contentHash": "yW3nIoNM3T5iZg8bRViiCN4+vIU/02l+mlWSvKqWnr0Fd5Uk1zKdT9jBWKEcJhRIWKVWWSpFWXnM5yWoIAy1Eg==",
        "dependencies": {
          "Microsoft.Extensions.Logging": "3.1.0",
          "Microsoft.Extensions.Options.ConfigurationExtensions": "3.1.0"
        }
      },
      "Microsoft.Extensions.Options": {
        "type": "Transitive",
        "resolved": "7.0.0",
        "contentHash": "lP1yBnTTU42cKpMozuafbvNtQ7QcBjr/CcK3bYOGEMH55Fjt+iecXjT6chR7vbgCMqy3PG3aNQSZgo/EuY/9qQ==",
        "dependencies": {
          "Microsoft.Extensions.DependencyInjection.Abstractions": "7.0.0",
          "Microsoft.Extensions.Primitives": "7.0.0"
        }
      },
      "Microsoft.Extensions.Options.ConfigurationExtensions": {
        "type": "Transitive",
        "resolved": "3.1.0",
        "contentHash": "tx6gMKE3rDspA1YZT8SlQJmyt1BaBSl6mNjB3g0ZO6m3NnoavCifXkGeBuDk9Ae4XjW8C+dty52p+0u38jPRIQ==",
        "dependencies": {
          "Microsoft.Extensions.Configuration.Abstractions": "3.1.0",
          "Microsoft.Extensions.Configuration.Binder": "3.1.0",
          "Microsoft.Extensions.DependencyInjection.Abstractions": "3.1.0",
          "Microsoft.Extensions.Options": "3.1.0"
        }
      },
      "Microsoft.Extensions.Primitives": {
        "type": "Transitive",
        "resolved": "7.0.0",
        "contentHash": "um1KU5kxcRp3CNuI8o/GrZtD4AIOXDk+RLsytjZ9QPok3ttLUelLKpilVPuaFT3TFjOhSibUAso0odbOaCDj3Q=="
      },
      "Microsoft.IdentityModel.Abstractions": {
        "type": "Transitive",
        "resolved": "6.25.0",
        "contentHash": "70MbUvri/xthpVpSEve7X6ysNtTe5MgLEgNyhnZ5z7WXVgFOkUfI7RNtqS6oenLoaaMpnRJrrZFt9Pps5NknBQ=="
      },
      "Microsoft.IdentityModel.JsonWebTokens": {
        "type": "Transitive",
        "resolved": "6.25.0",
        "contentHash": "3Lhgxoc1YhIocnPh3fTE5IK3Ap7yG3WK4TFk01Y90danCYmV7gIW8E1d4b3BtaP9B85eIJ0bmtV4GPiSOF5i/A==",
        "dependencies": {
          "Microsoft.IdentityModel.Tokens": "6.25.0",
          "System.Text.Encoding": "4.3.0",
          "System.Text.Json": "4.7.2"
        }
      },
      "Microsoft.IdentityModel.Logging": {
        "type": "Transitive",
        "resolved": "6.25.0",
        "contentHash": "65/a4Ln4hWKy3M+yMApYKkht/feQKr2DmnHPKROSLxBxFTvrm49K34yuD/VhGmg38U9lAhN5DOK/khq9W4B1ig==",
        "dependencies": {
          "Microsoft.IdentityModel.Abstractions": "6.25.0"
        }
      },
      "Microsoft.IdentityModel.Protocols": {
        "type": "Transitive",
        "resolved": "6.15.1",
        "contentHash": "6nHr+4yE8vj620Vy4L0pl7kmkvWc06wBrJ+AOo/gjqzu/UD/MYgySUqRGlZYrvvNmKkUWMw4hdn78MPCb4bstA==",
        "dependencies": {
          "Microsoft.IdentityModel.Logging": "6.15.1",
          "Microsoft.IdentityModel.Tokens": "6.15.1"
        }
      },
      "Microsoft.IdentityModel.Protocols.OpenIdConnect": {
        "type": "Transitive",
        "resolved": "6.15.1",
        "contentHash": "WwecgT/PNrytLNUWjkYtnnG2LXMAzkINSaZM+8dPPiEpOGz1bQDBWAenTSurYICxGoA1sOPriFXk+ocnQyprKw==",
        "dependencies": {
          "Microsoft.IdentityModel.Protocols": "6.15.1",
          "System.IdentityModel.Tokens.Jwt": "6.15.1"
        }
      },
      "Microsoft.IdentityModel.Tokens": {
        "type": "Transitive",
        "resolved": "6.25.0",
        "contentHash": "GIDvDPu2ii11w4UyHPTBsReNraoh3253sQIOPQg7ZCW6kfDj5a/0OrTInYMliIdSNpDXQMYKMimRJG/3i1sAYQ==",
        "dependencies": {
          "Microsoft.CSharp": "4.5.0",
          "Microsoft.IdentityModel.Logging": "6.25.0",
          "System.Security.Cryptography.Cng": "4.5.0"
        }
      },
      "Microsoft.NETCore.Platforms": {
        "type": "Transitive",
        "resolved": "1.1.0",
        "contentHash": "kz0PEW2lhqygehI/d6XsPCQzD7ff7gUJaVGPVETX611eadGsA3A877GdSlU0LRVMCTH/+P3o2iDTak+S08V2+A=="
      },
      "Microsoft.NETCore.Targets": {
        "type": "Transitive",
        "resolved": "1.1.0",
        "contentHash": "aOZA3BWfz9RXjpzt0sRJJMjAscAUm3Hoa4UWAfceV9UTYxgwZ1lZt5nO2myFf+/jetYQo4uTP7zS8sJY67BBxg=="
      },
      "Microsoft.TestPlatform.ObjectModel": {
        "type": "Transitive",
        "resolved": "17.4.0",
        "contentHash": "oWe7A0wrZhxagTOcaxJ9r0NXTbgkiBQQuCpCXxnP06NsGV/qOoaY2oaangAJbOUrwEx0eka1do400NwNCjfytw==",
        "dependencies": {
          "NuGet.Frameworks": "5.11.0",
          "System.Reflection.Metadata": "1.6.0"
        }
      },
      "Microsoft.TestPlatform.TestHost": {
        "type": "Transitive",
        "resolved": "17.4.0",
        "contentHash": "sUx48fu9wgQF1JxzXeSVtzb7KoKpJrdtIzsFamxET3ZYOKXj+Ej13HWZ0U2nuMVZtZVHBmE+KS3Vv5cIdTlycQ==",
        "dependencies": {
          "Microsoft.TestPlatform.ObjectModel": "17.4.0",
          "Newtonsoft.Json": "13.0.1"
        }
      },
      "NETStandard.Library": {
        "type": "Transitive",
        "resolved": "2.0.0",
        "contentHash": "7jnbRU+L08FXKMxqUflxEXtVymWvNOrS8yHgu9s6EM8Anr6T/wIX4nZ08j/u3Asz+tCufp3YVwFSEvFTPYmBPA==",
        "dependencies": {
          "Microsoft.NETCore.Platforms": "1.1.0"
        }
      },
      "Newtonsoft.Json": {
        "type": "Transitive",
        "resolved": "13.0.1",
        "contentHash": "ppPFpBcvxdsfUonNcvITKqLl3bqxWbDCZIzDWHzjpdAHRFfZe0Dw9HmA0+za13IdyrgJwpkDTDA9fHaxOrt20A=="
      },
      "Npgsql": {
        "type": "Transitive",
        "resolved": "7.0.0",
        "contentHash": "tOBFksJZ2MiEz8xtDUgS5IG19jVO3nSP15QDYWiiGpXHe0PsLoQBts2Sg3hHKrrLTuw+AjsJz9iKvvGNHyKDIg==",
        "dependencies": {
          "Microsoft.Extensions.Logging.Abstractions": "6.0.0",
          "System.Runtime.CompilerServices.Unsafe": "6.0.0"
        }
      },
      "Npgsql.EntityFrameworkCore.PostgreSQL": {
        "type": "Transitive",
        "resolved": "7.0.0",
        "contentHash": "CyUNlFZmtX2Kmw8XK5Tlx5eVUCzWJ+zJHErxZiMo2Y8zCRuH9+/OMGwG+9Mmp5zD5p3Ifbi5Pp3btsqoDDkSZQ==",
        "dependencies": {
          "Microsoft.EntityFrameworkCore": "[7.0.0, 8.0.0)",
          "Microsoft.EntityFrameworkCore.Abstractions": "[7.0.0, 8.0.0)",
          "Microsoft.EntityFrameworkCore.Relational": "[7.0.0, 8.0.0)",
          "Npgsql": "7.0.0"
        }
      },
      "NuGet.Frameworks": {
        "type": "Transitive",
        "resolved": "5.11.0",
        "contentHash": "eaiXkUjC4NPcquGWzAGMXjuxvLwc6XGKMptSyOGQeT0X70BUZObuybJFZLA0OfTdueLd3US23NBPTBb6iF3V1Q=="
      },
      "OpenTelemetry": {
        "type": "Transitive",
        "resolved": "1.3.1",
        "contentHash": "PWIl/juBJBFi4Adx07nltkxA2ZCwutd2A+KAvO3TOYV+xeIiN6afT5bE4W3EebqdDV0T3buq/vAlQ2ZDC9zYew==",
        "dependencies": {
          "Microsoft.Extensions.Logging": "3.1.0",
          "Microsoft.Extensions.Logging.Configuration": "3.1.0",
          "OpenTelemetry.Api": "1.3.1",
          "System.Collections.Immutable": "1.4.0",
          "System.Reflection.Emit.Lightweight": "4.7.0"
        }
      },
      "OpenTelemetry.Api": {
        "type": "Transitive",
        "resolved": "1.3.1",
        "contentHash": "p4ufCQ+afYMEYh1pF8K5huhJ4PnYVvKvje+GjhiDPRrQTmwto5nl8spjeK9N1OXg2HFmGuMXQvc8y90RoNLekg==",
        "dependencies": {
          "System.Diagnostics.DiagnosticSource": "[6.0.0, 8.0.0)",
          "System.Reflection.Emit.Lightweight": "4.7.0"
        }
      },
      "OpenTelemetry.Contrib.Instrumentation.EntityFrameworkCore": {
        "type": "Transitive",
        "resolved": "1.0.0-beta2",
        "contentHash": "legTYmOM+bEQ+uXmMi5VgyEZWWXRkp7zJDZ2lbA10d+aN5Qykk150H8PuS3hrCvmho8bn/JZFDmiJjrzaDE0DA==",
        "dependencies": {
          "OpenTelemetry.Api": "1.0.1"
        }
      },
      "OpenTelemetry.Contrib.Preview": {
        "type": "Transitive",
        "resolved": "1.0.0-beta2",
        "contentHash": "febtaMVJAMZ2+EHntqvMXvcsMEkA5F5FXKwODz9LM0UjJ5gfNTqjY36YTddPASEZBn0a6YLRqovRW1QnMJ46NQ==",
        "dependencies": {
          "OpenTelemetry": "1.1.0-beta3"
        }
      },
      "OpenTelemetry.Exporter.Jaeger": {
        "type": "Transitive",
        "resolved": "1.3.1",
        "contentHash": "+JJyvuKDBn4PqY1vH8b3bneniEizakCVstddZxkiTiVMO5+vJDZg2qLCDrfZIZYpv/SKcVty/qLTR2Qhb3Opxw==",
        "dependencies": {
          "OpenTelemetry": "1.3.1",
          "System.Threading.Tasks.Extensions": "4.5.3"
        }
      },
      "OpenTelemetry.Extensions.Hosting": {
        "type": "Transitive",
        "resolved": "1.0.0-rc9.1",
        "contentHash": "AlodOzqLW+/FOB0fdlhVfk7r6/wkNFgVr/eitugdPE9IEI3WU1PT8VYDPVE2M+Xyof8+k2pjvQKn6IejrybYUQ==",
        "dependencies": {
          "Microsoft.Extensions.Hosting.Abstractions": "2.1.0",
          "OpenTelemetry": "1.2.0-rc4"
        }
      },
      "OpenTelemetry.Instrumentation.AspNetCore": {
        "type": "Transitive",
        "resolved": "1.0.0-rc9.1",
        "contentHash": "//6Qy9iMjpA9JiGmX9xx2GQUB/WL3Fr4Z21naWdTQuhpc+4uLOxQDWCD1rfDZHi6S8S4HluatNZISZ4Mow+YNg==",
        "dependencies": {
          "OpenTelemetry": "1.2.0-rc4"
        }
      },
      "Serilog": {
        "type": "Transitive",
        "resolved": "2.12.0",
        "contentHash": "xaiJLIdu6rYMKfQMYUZgTy8YK7SMZjB4Yk50C/u//Z4OsvxkUfSPJy4nknfvwAC34yr13q7kcyh4grbwhSxyZg=="
      },
      "Serilog.AspNetCore": {
        "type": "Transitive",
        "resolved": "6.0.1",
        "contentHash": "5XW90k62V7G9I0D/j9Iz+NyRBB6/SnoFpHUPeLnV40gONV2vs2A/ewWi91QVjQmyHBfzFeqIrkvE/DJMZ0alTg==",
        "dependencies": {
          "Microsoft.Extensions.DependencyInjection": "5.0.0",
          "Microsoft.Extensions.Logging": "5.0.0",
          "Serilog": "2.10.0",
          "Serilog.Extensions.Hosting": "5.0.1",
          "Serilog.Formatting.Compact": "1.1.0",
          "Serilog.Settings.Configuration": "3.3.0",
          "Serilog.Sinks.Console": "4.0.1",
          "Serilog.Sinks.Debug": "2.0.0",
          "Serilog.Sinks.File": "5.0.0"
        }
      },
      "Serilog.Enrichers.Span": {
        "type": "Transitive",
        "resolved": "3.0.0",
        "contentHash": "OaKELhuQlxAWw3iq4QmBL9a/uzMNqBYQFS0ynEyuqdOsqkstBvhMQQyWrh+WDKlk8qthzDUIFB8lqfl5Vlk67Q==",
        "dependencies": {
          "Serilog": "2.10.0",
          "System.Diagnostics.DiagnosticSource": "7.0.0"
        }
      },
      "Serilog.Enrichers.Thread": {
        "type": "Transitive",
        "resolved": "3.1.0",
        "contentHash": "85lWsGRJpRxvKT6j/H67no55SUBsBIvp556TKuBTGhjtoPeq+L7j/sDWbgAtvT0p7u7/phJyX6j35PQ4Vtqw0g==",
        "dependencies": {
          "Serilog": "2.3.0"
        }
      },
      "Serilog.Extensions.Hosting": {
        "type": "Transitive",
        "resolved": "5.0.1",
        "contentHash": "o0VUyt3npAqOJaZ6CiWLFeLYs3CYJwfcAqaUqprzsmj7qYIvorcn8cZLVR8AQX6vzX7gee2bD0sQeA17iO2/Aw==",
        "dependencies": {
          "Microsoft.Extensions.DependencyInjection.Abstractions": "3.1.8",
          "Microsoft.Extensions.Hosting.Abstractions": "3.1.8",
          "Microsoft.Extensions.Logging.Abstractions": "3.1.8",
          "Serilog": "2.10.0",
          "Serilog.Extensions.Logging": "3.1.0"
        }
      },
      "Serilog.Extensions.Logging": {
        "type": "Transitive",
        "resolved": "3.1.0",
        "contentHash": "IWfem7wfrFbB3iw1OikqPFNPEzfayvDuN4WP7Ue1AVFskalMByeWk3QbtUXQR34SBkv1EbZ3AySHda/ErDgpcg==",
        "dependencies": {
          "Microsoft.Extensions.Logging": "2.0.0",
          "Serilog": "2.9.0"
        }
      },
      "Serilog.Formatting.Compact": {
        "type": "Transitive",
        "resolved": "1.1.0",
        "contentHash": "pNroKVjo+rDqlxNG5PXkRLpfSCuDOBY0ri6jp9PLe505ljqwhwZz8ospy2vWhQlFu5GkIesh3FcDs4n7sWZODA==",
        "dependencies": {
          "Serilog": "2.8.0"
        }
      },
      "Serilog.Settings.Configuration": {
        "type": "Transitive",
        "resolved": "3.3.0",
        "contentHash": "7GNudISZwqaT902hqEL2OFGTZeUFWfnrNLupJkOqeF41AR3GjcxX+Hwb30xb8gG2/CDXsCMVfF8o0+8KY0fJNg==",
        "dependencies": {
          "Microsoft.Extensions.DependencyModel": "3.0.0",
          "Microsoft.Extensions.Options.ConfigurationExtensions": "2.0.0",
          "Serilog": "2.10.0"
        }
      },
      "Serilog.Sinks.ApplicationInsights": {
        "type": "Transitive",
        "resolved": "4.0.0",
        "contentHash": "AlYq1JFqh+RFKwLKZ3X224Zbe1gnkMbqSELp2FApLN0iMyRPdwwxMJBCCrk49C8qOefBd4zN+J/1Tq3i75DunA==",
        "dependencies": {
          "Microsoft.ApplicationInsights": "2.20.0",
          "Serilog": "2.11.0"
        }
      },
      "Serilog.Sinks.Console": {
        "type": "Transitive",
        "resolved": "4.0.1",
        "contentHash": "apLOvSJQLlIbKlbx+Y2UDHSP05kJsV7mou+fvJoRGs/iR+jC22r8cuFVMjjfVxz/AD4B2UCltFhE1naRLXwKNw==",
        "dependencies": {
          "Serilog": "2.10.0"
        }
      },
      "Serilog.Sinks.Debug": {
        "type": "Transitive",
        "resolved": "2.0.0",
        "contentHash": "Y6g3OBJ4JzTyyw16fDqtFcQ41qQAydnEvEqmXjhwhgjsnG/FaJ8GUqF5ldsC/bVkK8KYmqrPhDO+tm4dF6xx4A==",
        "dependencies": {
          "Serilog": "2.10.0"
        }
      },
      "Serilog.Sinks.File": {
        "type": "Transitive",
        "resolved": "5.0.0",
        "contentHash": "uwV5hdhWPwUH1szhO8PJpFiahqXmzPzJT/sOijH/kFgUx+cyoDTMM8MHD0adw9+Iem6itoibbUXHYslzXsLEAg==",
        "dependencies": {
          "Serilog": "2.10.0"
        }
      },
      "Serilog.Sinks.PeriodicBatching": {
        "type": "Transitive",
        "resolved": "3.1.0",
        "contentHash": "NDWR7m3PalVlGEq3rzoktrXikjFMLmpwF0HI4sowo8YDdU+gqPlTHlDQiOGxHfB0sTfjPA9JjA7ctKG9zqjGkw==",
        "dependencies": {
          "Serilog": "2.0.0"
        }
      },
      "Serilog.Sinks.Seq": {
        "type": "Transitive",
        "resolved": "5.2.2",
        "contentHash": "1Csmo5ua7NKUe0yXUx+zsRefjAniPWcXFhUXxXG8pwo0iMiw2gjn9SOkgYnnxbgWqmlGv236w0N/dHc2v5XwMg==",
        "dependencies": {
          "Serilog": "2.12.0",
          "Serilog.Formatting.Compact": "1.1.0",
          "Serilog.Sinks.File": "5.0.0",
          "Serilog.Sinks.PeriodicBatching": "3.1.0"
        }
      },
      "System.Collections.Immutable": {
        "type": "Transitive",
        "resolved": "1.4.0",
        "contentHash": "71hw5RUJRu5+q/geUY69gpXD8Upd12cH+F3MwpXV2zle7Bqqkrmc1JblOTuvUcgmdnUtQvBlV5e1d6RH+H2lvA=="
      },
      "System.Configuration.ConfigurationManager": {
        "type": "Transitive",
        "resolved": "4.4.0",
        "contentHash": "gWwQv/Ug1qWJmHCmN17nAbxJYmQBM/E94QxKLksvUiiKB1Ld3Sc/eK1lgmbSjDFxkQhVuayI/cGFZhpBSodLrg==",
        "dependencies": {
          "System.Security.Cryptography.ProtectedData": "4.4.0"
        }
      },
      "System.Diagnostics.DiagnosticSource": {
        "type": "Transitive",
        "resolved": "7.0.0",
        "contentHash": "9W0ewWDuAyDqS2PigdTxk6jDKonfgscY/hP8hm7VpxYhNHZHKvZTdRckberlFk3VnCmr3xBUyMBut12Q+T2aOw=="
      },
      "System.IdentityModel.Tokens.Jwt": {
        "type": "Transitive",
        "resolved": "6.25.0",
        "contentHash": "MCET1ZS8HYEc7+FiNO+0a7OH30pH42lbLKfriuvmOYSRBYi0wkq7duOYvOXPCXHn5qmP+hg30N4afwVM/G/Viw==",
        "dependencies": {
          "Microsoft.IdentityModel.JsonWebTokens": "6.25.0",
          "Microsoft.IdentityModel.Tokens": "6.25.0"
        }
      },
      "System.Reflection.Emit.Lightweight": {
        "type": "Transitive",
        "resolved": "4.7.0",
        "contentHash": "a4OLB4IITxAXJeV74MDx49Oq2+PsF6Sml54XAFv+2RyWwtDBcabzoxiiJRhdhx+gaohLh4hEGCLQyBozXoQPqA=="
      },
      "System.Reflection.Metadata": {
        "type": "Transitive",
        "resolved": "1.6.0",
        "contentHash": "COC1aiAJjCoA5GBF+QKL2uLqEBew4JsCkQmoHKbN3TlOZKa2fKLz5CpiRQKDz0RsAOEGsVKqOD5bomsXq/4STQ=="
      },
      "System.Runtime": {
        "type": "Transitive",
        "resolved": "4.3.0",
        "contentHash": "JufQi0vPQ0xGnAczR13AUFglDyVYt4Kqnz1AZaiKZ5+GICq0/1MH/mO/eAJHt/mHW1zjKBJd7kV26SrxddAhiw==",
        "dependencies": {
          "Microsoft.NETCore.Platforms": "1.1.0",
          "Microsoft.NETCore.Targets": "1.1.0"
        }
      },
      "System.Runtime.CompilerServices.Unsafe": {
        "type": "Transitive",
        "resolved": "6.0.0",
        "contentHash": "/iUeP3tq1S0XdNNoMz5C9twLSrM/TH+qElHkXWaPvuNOt+99G75NrV0OS2EqHx5wMN7popYjpc8oTjC1y16DLg=="
      },
      "System.Security.Cryptography.Cng": {
        "type": "Transitive",
        "resolved": "4.5.0",
        "contentHash": "WG3r7EyjUe9CMPFSs6bty5doUqT+q9pbI80hlNzo2SkPkZ4VTuZkGWjpp77JB8+uaL4DFPRdBsAY+DX3dBK92A=="
      },
      "System.Security.Cryptography.ProtectedData": {
        "type": "Transitive",
        "resolved": "4.4.0",
        "contentHash": "cJV7ScGW7EhatRsjehfvvYVBvtiSMKgN8bOVI0bQhnF5bU7vnHVIsH49Kva7i7GWaWYvmEzkYVk1TC+gZYBEog=="
      },
      "System.Text.Encoding": {
        "type": "Transitive",
        "resolved": "4.3.0",
        "contentHash": "BiIg+KWaSDOITze6jGQynxg64naAPtqGHBwDrLaCtixsa5bKiR8dpPOHA7ge3C0JJQizJE+sfkz1wV+BAKAYZw==",
        "dependencies": {
          "Microsoft.NETCore.Platforms": "1.1.0",
          "Microsoft.NETCore.Targets": "1.1.0",
          "System.Runtime": "4.3.0"
        }
      },
      "System.Text.Json": {
        "type": "Transitive",
        "resolved": "4.7.2",
        "contentHash": "TcMd95wcrubm9nHvJEQs70rC0H/8omiSGGpU4FQ/ZA1URIqD4pjmFJh2Mfv1yH1eHgJDWTi2hMDXwTET+zOOyg=="
      },
      "System.Threading.Tasks.Extensions": {
        "type": "Transitive",
        "resolved": "4.5.3",
        "contentHash": "+MvhNtcvIbqmhANyKu91jQnvIRVSTiaOiFNfKWwXGHG48YAb4I/TyH8spsySiPYla7gKal5ZnF3teJqZAximyQ=="
      },
      "todo.applicationflows": {
        "type": "Project",
        "dependencies": {
          "Todo.Commons": "[1.0.0, )",
          "Todo.Services": "[1.0.0, )"
        }
      },
      "todo.commons": {
        "type": "Project",
        "dependencies": {
          "Autofac": "[6.5.0, )",
          "Microsoft.Extensions.Hosting.Abstractions": "[7.0.0, )",
          "Microsoft.Extensions.Logging.Abstractions": "[7.0.0, )"
        }
      },
      "todo.persistence": {
        "type": "Project",
        "dependencies": {
          "Microsoft.Extensions.Configuration.Binder": "[7.0.0, )",
          "Npgsql.EntityFrameworkCore.PostgreSQL": "[7.0.0, )",
          "Todo.Commons": "[1.0.0, )"
        }
      },
      "todo.services": {
        "type": "Project",
        "dependencies": {
          "System.IdentityModel.Tokens.Jwt": "[6.25.0, )",
          "Todo.Persistence": "[1.0.0, )"
        }
      },
      "todo.telemetry": {
        "type": "Project",
        "dependencies": {
          "OpenTelemetry": "[1.3.1, )",
          "OpenTelemetry.Contrib.Instrumentation.EntityFrameworkCore": "[1.0.0-beta2, )",
          "OpenTelemetry.Contrib.Preview": "[1.0.0-beta2, )",
          "OpenTelemetry.Exporter.Jaeger": "[1.3.1, )",
          "OpenTelemetry.Extensions.Hosting": "[1.0.0-rc9.1, )",
          "OpenTelemetry.Instrumentation.AspNetCore": "[1.0.0-rc9.1, )",
          "Serilog.AspNetCore": "[6.0.1, )",
          "Serilog.Enrichers.Span": "[3.0.0, )",
          "Serilog.Enrichers.Thread": "[3.1.0, )",
          "Serilog.Sinks.ApplicationInsights": "[4.0.0, )",
          "Serilog.Sinks.Seq": "[5.2.2, )",
          "Todo.Services": "[1.0.0, )"
        }
      },
      "todo.webapi": {
        "type": "Project",
        "dependencies": {
          "Autofac.Extensions.DependencyInjection": "[8.0.0, )",
          "Microsoft.AspNetCore.Authentication.JwtBearer": "[7.0.0, )",
          "Todo.ApplicationFlows": "[1.0.0, )",
          "Todo.Commons": "[1.0.0, )",
          "Todo.Telemetry": "[1.0.0, )"
        }
      }
    }
  }
}