{
  "version": 2,
  "dependencies": {
    "net9.0": {
      "Autofac": {
        "type": "Direct",
        "requested": "[9.1.0, )",
        "resolved": "9.1.0",
        "contentHash": "onT/BcnnfWcQNXiuC7R/0h8ALQzRdsAI20gpB7nfrudXpFMXdVZKz1umdtHXDwjc/bmWEsrCBAxck3+Arnk15g==",
        "dependencies": {
          "System.Diagnostics.DiagnosticSource": "10.0.0"
        }
      },
      "Microsoft.Extensions.Hosting.Abstractions": {
        "type": "Direct",
        "requested": "[9.0.13, )",
        "resolved": "9.0.13",
        "contentHash": "UQN2ZYfbprLxO4/YHT+uLOr4n1qkGl4BP1kU1JtDMq3dQc7Kg7EytE9L6H9Q4A+kHG8xRv9HggiVhGxUSm0ZKw==",
        "dependencies": {
          "Microsoft.Extensions.Configuration.Abstractions": "9.0.13",
          "Microsoft.Extensions.DependencyInjection.Abstractions": "9.0.13",
          "Microsoft.Extensions.Diagnostics.Abstractions": "9.0.13",
          "Microsoft.Extensions.FileProviders.Abstractions": "9.0.13",
          "Microsoft.Extensions.Logging.Abstractions": "9.0.13"
        }
      },
      "Microsoft.Extensions.Logging.Abstractions": {
        "type": "Direct",
        "requested": "[9.0.13, )",
        "resolved": "9.0.13",
        "contentHash": "DjxxzZzkQLRJ6d9FLj7n513UvqYREl0ygN//SYA+N4+QWM1UvSJjpv3+zrlIraUyui0NXRbeJSU/hruR7lTw/g==",
        "dependencies": {
          "Microsoft.Extensions.DependencyInjection.Abstractions": "9.0.13"
        }
      },
      "Microsoft.Extensions.Configuration.Abstractions": {
        "type": "Transitive",
        "resolved": "9.0.13",
        "contentHash": "N4ITL03t39KKgF4Q0lr3yoOkZHLjuRPXalP6+QPDe2VipcbCq5Ml1ZpXeHo8I3mquoAPOT5lSP6LvRKUBn1Ayw==",
        "dependencies": {
          "Microsoft.Extensions.Primitives": "9.0.13"
        }
      },
      "Microsoft.Extensions.DependencyInjection.Abstractions": {
        "type": "Transitive",
        "resolved": "9.0.13",
        "contentHash": "HyJoV/UcJr71gPs9ot3GFJG2yyYxoBNTvp48xVJn37FRLeJZithg74aUNZQRCJgk0yG6LbgDlXDJJwG3QFnoyQ=="
      },
      "Microsoft.Extensions.Diagnostics.Abstractions": {
        "type": "Transitive",
        "resolved": "9.0.13",
        "contentHash": "ZJkfyLX8Ta/5bE+oEBPskwQIFCAgdbiNwtGz6jcM9lWmr9fzrCWKvFpydbRpBcupZIIhu2iWhGHNupoAP/7B4A==",
        "dependencies": {
          "Microsoft.Extensions.DependencyInjection.Abstractions": "9.0.13",
          "Microsoft.Extensions.Options": "9.0.13"
        }
      },
      "Microsoft.Extensions.FileProviders.Abstractions": {
        "type": "Transitive",
        "resolved": "9.0.13",
        "contentHash": "PyNYPwsNrP2q4sbToHzKp1NlMwjy1PDHzM2P9cQlnyxO1EjR2IVIevwyc1WWwdun33LfbjU8wBFnTsYLYOJHqQ==",
        "dependencies": {
          "Microsoft.Extensions.Primitives": "9.0.13"
        }
      },
      "Microsoft.Extensions.Options": {
        "type": "Transitive",
        "resolved": "9.0.13",
        "contentHash": "MJ0afZ8YTPr+TQ0qN+vp4U1yqgj3ccIhq/sFkznMX/V/sPadIQuQJRNK9gWXUoJ03AQmAt31TXtSMuRX3IvaUw==",
        "dependencies": {
          "Microsoft.Extensions.DependencyInjection.Abstractions": "9.0.13",
          "Microsoft.Extensions.Primitives": "9.0.13"
        }
      },
      "Microsoft.Extensions.Primitives": {
        "type": "Transitive",
        "resolved": "9.0.13",
        "contentHash": "cqzLFZ6rIEX/N1mJAGN8HLqWhlks2G3eYO+9pCShMLqxeBLN7ndS+MbmxiuQiQ0Tj/Q3tVHRWx91n17yLczjmg=="
      },
      "System.Diagnostics.DiagnosticSource": {
        "type": "Transitive",
        "resolved": "10.0.0",
        "contentHash": "0KdBK+h7G13PuOSC2R/DalAoFMvdYMznvGRuICtkdcUMXgl/gYXsG6z4yUvTxHSMACorWgHCU1Faq0KUHU6yAQ=="
      }
    }
  }
}