{
  "version": 2,
  "dependencies": {
    "net9.0": {
      "System.IdentityModel.Tokens.Jwt": {
        "type": "Direct",
        "requested": "[8.15.0, )",
        "resolved": "8.15.0",
        "contentHash": "dpodi7ixz6hxK8YCBYAWzm0IA8JYXoKcz0hbCbNifo519//rjUI0fBD8rfNr+IGqq+2gm4oQoXwHk09LX5SqqQ==",
        "dependencies": {
          "Microsoft.IdentityModel.JsonWebTokens": "8.15.0",
          "Microsoft.IdentityModel.Tokens": "8.15.0"
        }
      },
      "Microsoft.EntityFrameworkCore": {
        "type": "Transitive",
        "resolved": "9.0.12",
        "contentHash": "+spirhtFAOq8N6maOlAyzk+ScBjYwptpY2xinRAl5ocW+CsE0hCJy91C2IH4Fi6voo2miQt/Whes4LDU+Gc/ig==",
        "dependencies": {
          "Microsoft.EntityFrameworkCore.Abstractions": "9.0.12",
          "Microsoft.EntityFrameworkCore.Analyzers": "9.0.12",
          "Microsoft.Extensions.Caching.Memory": "9.0.12",
          "Microsoft.Extensions.Logging": "9.0.12"
        }
      },
      "Microsoft.EntityFrameworkCore.Abstractions": {
        "type": "Transitive",
        "resolved": "9.0.12",
        "contentHash": "PFuxE9HUWu7y9Bi6CWfhYTR4UULdFScLB/31XjhmP1qlOBCD6x+TLZ1YPs2CyUrwtijUVe2A51o3IGe9/tB4mw=="
      },
      "Microsoft.EntityFrameworkCore.Analyzers": {
        "type": "Transitive",
        "resolved": "9.0.12",
        "contentHash": "ut8XSV7+gZ7FunbZH4t6Hta2NXP12F23cTuvC1Pp4caCWs4yg8Ddc2QPGPPWVmxIMl8q44fB5IK8Q8IEwlXIvQ=="
      },
      "Microsoft.EntityFrameworkCore.Relational": {
        "type": "Transitive",
        "resolved": "9.0.12",
        "contentHash": "XTiJy++Ut1KyMdAS4N58NzbxI+r5KFTPi6ATThKNnL9X6DgF1ioP/PUNfODzr6LibydMq0fac288ojh1AMVNXw==",
        "dependencies": {
          "Microsoft.EntityFrameworkCore": "9.0.12",
          "Microsoft.Extensions.Caching.Memory": "9.0.12",
          "Microsoft.Extensions.Configuration.Abstractions": "9.0.12",
          "Microsoft.Extensions.Logging": "9.0.12"
        }
      },
      "Microsoft.Extensions.Caching.Abstractions": {
        "type": "Transitive",
        "resolved": "9.0.12",
        "contentHash": "+kymyS5Lw2xrdhZ//xW90Bo6T43UpgPtjO9EA7ObcKA8liaBRvV2E3GMtg5O3JgK+d9FeUTyM/S58kLaZg7C8w==",
        "dependencies": {
          "Microsoft.Extensions.Primitives": "9.0.12"
        }
      },
      "Microsoft.Extensions.Caching.Memory": {
        "type": "Transitive",
        "resolved": "9.0.12",
        "contentHash": "dIegtyqhrD+YYzSQJv7Wo/u938l11rIcNGIbh9MSeQSSFh1/CmcgoTTUmU7D/MXFTGC55vVtURuRSAsFmjoNdw==",
        "dependencies": {
          "Microsoft.Extensions.Caching.Abstractions": "9.0.12",
          "Microsoft.Extensions.DependencyInjection.Abstractions": "9.0.12",
          "Microsoft.Extensions.Logging.Abstractions": "9.0.12",
          "Microsoft.Extensions.Options": "9.0.12",
          "Microsoft.Extensions.Primitives": "9.0.12"
        }
      },
      "Microsoft.Extensions.Configuration.Abstractions": {
        "type": "Transitive",
        "resolved": "9.0.12",
        "contentHash": "7a6T0/caZDhTX1qkXII/2bSdmZt/gqrBkIXlcM9NTelc6lseRR6OPYb8gcy/JA6m4P3tEFd2Tnhr8ke4Jq/wkw==",
        "dependencies": {
          "Microsoft.Extensions.Primitives": "9.0.12"
        }
      },
      "Microsoft.Extensions.DependencyInjection": {
        "type": "Transitive",
        "resolved": "9.0.12",
        "contentHash": "Ao81p3RGYdYUMsP4ST5p+DgF/8oLXJUMH8IQyLHb9Whr0JRqbe8+20/y6fUIpiRxe3xFypXlxGoIcwKixVtyfA==",
        "dependencies": {
          "Microsoft.Extensions.DependencyInjection.Abstractions": "9.0.12"
        }
      },
      "Microsoft.Extensions.DependencyInjection.Abstractions": {
        "type": "Transitive",
        "resolved": "9.0.12",
        "contentHash": "giBjLNJewLe2baQBmLp+8/HSm05WBA//Pd8G5of5G1qrT8a+KLg6mYE6k7w9GFLjYG8ckKyTC9u2yoA0b0J8kg=="
      },
      "Microsoft.Extensions.Diagnostics.Abstractions": {
        "type": "Transitive",
        "resolved": "9.0.12",
        "contentHash": "hNYEU/JbHO2rO5Kax5nX1hz/hnQEZPE9hAiMS0o2evvhks6YFeYKlEYeRshmj/asi5hgUa4esYjiOiSiGjijTw==",
        "dependencies": {
          "Microsoft.Extensions.DependencyInjection.Abstractions": "9.0.12",
          "Microsoft.Extensions.Options": "9.0.12"
        }
      },
      "Microsoft.Extensions.Diagnostics.HealthChecks": {
        "type": "Transitive",
        "resolved": "9.0.12",
        "contentHash": "vWkSiigDvmNUCCi8Ayvrwee5gsEmgESzEBCD2lZ9yyLUPBUPkrWPt8F9pYR01VioQXYayseJh46HTL+ZKlQJow==",
        "dependencies": {
          "Microsoft.Extensions.Diagnostics.HealthChecks.Abstractions": "9.0.12",
          "Microsoft.Extensions.Hosting.Abstractions": "9.0.12",
          "Microsoft.Extensions.Logging.Abstractions": "9.0.12",
          "Microsoft.Extensions.Options": "9.0.12"
        }
      },
      "Microsoft.Extensions.Diagnostics.HealthChecks.Abstractions": {
        "type": "Transitive",
        "resolved": "9.0.12",
        "contentHash": "rwrTSnjvV0DZklw7eH+QM+aNeiQpfICLzFr4q/K9SO/rtAuA7lP8DpGoAfPXvuYOxtd3c1a9SrHJ1vuTPyLPxA=="
      },
      "Microsoft.Extensions.FileProviders.Abstractions": {
        "type": "Transitive",
        "resolved": "9.0.12",
        "contentHash": "DIRWbcei4olf0EvIqAXJZiXnsaCCq6RP+sADmbz7FDMHAWIG2eEh50BeT/z9VEgmYfly3bXp2UCuS5hf3KK1Zw==",
        "dependencies": {
          "Microsoft.Extensions.Primitives": "9.0.12"
        }
      },
      "Microsoft.Extensions.Logging": {
        "type": "Transitive",
        "resolved": "9.0.12",
        "contentHash": "4SVZdAe2bJOaE2nj8aY5xQlfz1iDZwxeV992jGn7XafCWmvH7wPlewcv+QqORbww1Aez78nyxspJOEnaa0cU+w==",
        "dependencies": {
          "Microsoft.Extensions.DependencyInjection": "9.0.12",
          "Microsoft.Extensions.Logging.Abstractions": "9.0.12",
          "Microsoft.Extensions.Options": "9.0.12"
        }
      },
      "Microsoft.Extensions.Options": {
        "type": "Transitive",
        "resolved": "9.0.12",
        "contentHash": "KsZEu0AF7dtefqfUG4MsUIWmuvtoQjN+A+Ggi6jp9QdodSEzpV7mBv9WUb43y6fdDoGFu8kBfIkwftgMy0gllw==",
        "dependencies": {
          "Microsoft.Extensions.DependencyInjection.Abstractions": "9.0.12",
          "Microsoft.Extensions.Primitives": "9.0.12"
        }
      },
      "Microsoft.Extensions.Primitives": {
        "type": "Transitive",
        "resolved": "9.0.12",
        "contentHash": "nmGbgxTfuvuEdcQ9NH5DEwAKDKB+c39dAcKQ4+sb8WpGA3pMIgAJfowC+aRH/6gFmdRq2ssRp031Uvv7rTrOMg=="
      },
      "Microsoft.IdentityModel.Abstractions": {
        "type": "Transitive",
        "resolved": "8.15.0",
        "contentHash": "e/DApa1GfxUqHSBHcpiQg8yaghKAvFVBQFcWh25jNoRobDZbduTUACY8bZ54eeGWXvimGmEDdF0zkS5Dq16XPQ=="
      },
      "Microsoft.IdentityModel.JsonWebTokens": {
        "type": "Transitive",
        "resolved": "8.15.0",
        "contentHash": "3513f5VzvOZy3ELd42wGnh1Q3e83tlGAuXFSNbENpgWYoAhLLzgFtd5PiaOPGAU0gqKhYGVzKavghLUGfX3HQg==",
        "dependencies": {
          "Microsoft.IdentityModel.Tokens": "8.15.0"
        }
      },
      "Microsoft.IdentityModel.Logging": {
        "type": "Transitive",
        "resolved": "8.15.0",
        "contentHash": "1gJLjhy0LV2RQMJ9NGzi5Tnb2l+c37o8D8Lrk2mrvmb6OQHZ7XJstd/XxvncXgBpad4x9CGXdipbZzJJCXKyAg==",
        "dependencies": {
          "Microsoft.IdentityModel.Abstractions": "8.15.0"
        }
      },
      "Microsoft.IdentityModel.Tokens": {
        "type": "Transitive",
        "resolved": "8.15.0",
        "contentHash": "zUE9ysJXBtXlHHRtcRK3Sp8NzdCI1z/BRDTXJQ2TvBoI0ENRtnufYIep0O5TSCJRJGDwwuLTUx+l/bEYZUxpCA==",
        "dependencies": {
          "Microsoft.Extensions.Logging.Abstractions": "8.0.0",
          "Microsoft.IdentityModel.Logging": "8.15.0"
        }
      },
      "Npgsql": {
        "type": "Transitive",
        "resolved": "9.0.3",
        "contentHash": "tPvY61CxOAWxNsKLEBg+oR646X4Bc8UmyQ/tJszL/7mEmIXQnnBhVJZrZEEUv0Bstu0mEsHZD5At3EO8zQRAYw==",
        "dependencies": {
          "Microsoft.Extensions.Logging.Abstractions": "8.0.2"
        }
      },
      "System.Diagnostics.DiagnosticSource": {
        "type": "Transitive",
        "resolved": "10.0.0",
        "contentHash": "0KdBK+h7G13PuOSC2R/DalAoFMvdYMznvGRuICtkdcUMXgl/gYXsG6z4yUvTxHSMACorWgHCU1Faq0KUHU6yAQ=="
      },
      "todo.commons": {
        "type": "Project",
        "dependencies": {
          "Autofac": "[9.0.0, )",
          "Microsoft.Extensions.Hosting.Abstractions": "[9.0.12, )",
          "Microsoft.Extensions.Logging.Abstractions": "[9.0.12, )"
        }
      },
      "todo.persistence": {
        "type": "Project",
        "dependencies": {
          "Microsoft.Extensions.Configuration.Binder": "[9.0.12, )",
          "Microsoft.Extensions.Diagnostics.HealthChecks.EntityFrameworkCore": "[9.0.12, )",
          "Npgsql.EntityFrameworkCore.PostgreSQL": "[9.0.4, )",
          "Todo.Commons": "[1.0.0, )"
        }
      },
      "Autofac": {
        "type": "CentralTransitive",
        "requested": "[9.0.0, )",
        "resolved": "9.0.0",
        "contentHash": "G8TpUMVIq1pEAMuAao8h5MKduY91SotjgK93wQb5LaxbJUVE0/XjCA6t2SOp+AkPC3GB/C2MAiF2D7krYjraFw==",
        "dependencies": {
          "System.Diagnostics.DiagnosticSource": "10.0.0"
        }
      },
      "Microsoft.Extensions.Configuration.Binder": {
        "type": "CentralTransitive",
        "requested": "[9.0.12, )",
        "resolved": "9.0.12",
        "contentHash": "J0nlmzF3gChGiEkNoSy+1ScAcs2xzZc49x4tfxSX+cuL2aA362qBlDXJzCekBuXwtlcDpfy/2DN3Pol/FkDkcw==",
        "dependencies": {
          "Microsoft.Extensions.Configuration.Abstractions": "9.0.12"
        }
      },
      "Microsoft.Extensions.Diagnostics.HealthChecks.EntityFrameworkCore": {
        "type": "CentralTransitive",
        "requested": "[9.0.12, )",
        "resolved": "9.0.12",
        "contentHash": "UeWqfCooknPmOFiKGyxwei6i/ZwtvaucUxvkSSj+Ua3o6dDPZyCEOyC4RawT8blF19jnV1lAkYuERkxOBDF/LA==",
        "dependencies": {
          "Microsoft.EntityFrameworkCore.Relational": "9.0.12",
          "Microsoft.Extensions.Diagnostics.HealthChecks": "9.0.12",
          "Microsoft.Extensions.Diagnostics.HealthChecks.Abstractions": "9.0.12"
        }
      },
      "Microsoft.Extensions.Hosting.Abstractions": {
        "type": "CentralTransitive",
        "requested": "[9.0.12, )",
        "resolved": "9.0.12",
        "contentHash": "z7YNDpd+fQgqRo/b8SzR3FrMKZx7xY9voq3mxAwGaMkUJmdCtn0WtNnb3/ktXjRXxFBudSGHTjAU101TSjYcUw==",
        "dependencies": {
          "Microsoft.Extensions.Configuration.Abstractions": "9.0.12",
          "Microsoft.Extensions.DependencyInjection.Abstractions": "9.0.12",
          "Microsoft.Extensions.Diagnostics.Abstractions": "9.0.12",
          "Microsoft.Extensions.FileProviders.Abstractions": "9.0.12",
          "Microsoft.Extensions.Logging.Abstractions": "9.0.12"
        }
      },
      "Microsoft.Extensions.Logging.Abstractions": {
        "type": "CentralTransitive",
        "requested": "[9.0.12, )",
        "resolved": "9.0.12",
        "contentHash": "7j7OzWhHJX3HQP1tbS6HNQ2LX/hcQO1nrrvawvFmkpEBFIMOmefCEJZy1Yj44FSPBtuUcucgzLE8hP+OgoNhVQ==",
        "dependencies": {
          "Microsoft.Extensions.DependencyInjection.Abstractions": "9.0.12"
        }
      },
      "Npgsql.EntityFrameworkCore.PostgreSQL": {
        "type": "CentralTransitive",
        "requested": "[9.0.4, )",
        "resolved": "9.0.4",
        "contentHash": "mw5vcY2IEc7L+IeGrxpp/J5OSnCcjkjAgJYCm/eD52wpZze8zsSifdqV7zXslSMmfJG2iIUGZyo3KuDtEFKwMQ==",
        "dependencies": {
          "Microsoft.EntityFrameworkCore": "[9.0.1, 10.0.0)",
          "Microsoft.EntityFrameworkCore.Relational": "[9.0.1, 10.0.0)",
          "Npgsql": "9.0.3"
        }
      }
    }
  }
}