{
  "version": 1,
  "dependencies": {
    "net6.0": {
      "SonarAnalyzer.CSharp": {
        "type": "Direct",
        "requested": "[8.32.0.39516, )",
        "resolved": "8.32.0.39516",
        "contentHash": "d2GUsEeyLrwNPvZyyUTL7MtEXaxmKCxShrqG8hVadNh+jvnKy1nHbLUbGVcMScWiymxP3KMWkarOasn4waYQ3w=="
      },
      "System.IdentityModel.Tokens.Jwt": {
        "type": "Direct",
        "requested": "[6.14.1, )",
        "resolved": "6.14.1",
        "contentHash": "aZGtxO8rx1h3KSzHYWXoPg47YGo5kON0Ot+L72A4bv44LMZZNqXfXyhSNLhVhaD24mlwYIXoyIaed4sXmrpA7Q==",
        "dependencies": {
          "Microsoft.IdentityModel.JsonWebTokens": "6.14.1",
          "Microsoft.IdentityModel.Tokens": "6.14.1"
        }
      },
      "Autofac": {
        "type": "Transitive",
        "resolved": "6.3.0",
        "contentHash": "gO4bli0N8tDnBHzbYktcnbXlmN6T+IT5W+FUGgCUaM6pwwHXIxOPoUGvfGum7sZpJJgfQNgjFFv80ZPuARgRdA==",
        "dependencies": {
          "System.Diagnostics.DiagnosticSource": "4.7.1"
        }
      },
      "Microsoft.CSharp": {
        "type": "Transitive",
        "resolved": "4.5.0",
        "contentHash": "kaj6Wb4qoMuH3HySFJhxwQfe8R/sJsNJnANrvv8WdFPMoNbKY5htfNscv+LHCu5ipz+49m2e+WQXpLXr9XYemQ=="
      },
      "Microsoft.EntityFrameworkCore": {
        "type": "Transitive",
        "resolved": "6.0.0",
        "contentHash": "BdHAtHzfQt3rltgSoYamSlHg2qawPtEDT677/bcSJlO8lQ/lj6XWlusM0TOt59O8Sbqm3hAC1a+4cEBxmv56pw==",
        "dependencies": {
          "Microsoft.EntityFrameworkCore.Abstractions": "6.0.0",
          "Microsoft.EntityFrameworkCore.Analyzers": "6.0.0",
          "Microsoft.Extensions.Caching.Memory": "6.0.0",
          "Microsoft.Extensions.DependencyInjection": "6.0.0",
          "Microsoft.Extensions.Logging": "6.0.0",
          "System.Collections.Immutable": "6.0.0",
          "System.Diagnostics.DiagnosticSource": "6.0.0"
        }
      },
      "Microsoft.EntityFrameworkCore.Abstractions": {
        "type": "Transitive",
        "resolved": "6.0.0",
        "contentHash": "MrMLWEw4JsZdkVci0MkkGj+fSjZrXnm3m6UNuIEwytiAAIZPvJs3iPpnzfK4qM7np82W374voYm96q7QCdL0ow=="
      },
      "Microsoft.EntityFrameworkCore.Analyzers": {
        "type": "Transitive",
        "resolved": "6.0.0",
        "contentHash": "BqWBL05PUDKwPwLeQCJdc2R4cIUycXV9UmuSjYfux2fcgyet8I2eYnOWlA7NgsDwRVcxW26vxvNQ0wuc8UAcLA=="
      },
      "Microsoft.EntityFrameworkCore.Relational": {
        "type": "Transitive",
        "resolved": "6.0.0",
        "contentHash": "rTRzrSbkUXoCGijlT9O7oq7JfuaU1/+VFyfSBjADQuOsfa0FCrWeB8ybue5CDvO/D6uW0kvPvlKfY2kwxXOOdg==",
        "dependencies": {
          "Microsoft.EntityFrameworkCore": "6.0.0",
          "Microsoft.Extensions.Configuration.Abstractions": "6.0.0"
        }
      },
      "Microsoft.Extensions.Caching.Abstractions": {
        "type": "Transitive",
        "resolved": "6.0.0",
        "contentHash": "bcz5sSFJbganH0+YrfvIjJDIcKNW7TL07C4d1eTmXy/wOt52iz4LVogJb6pazs7W0+74j0YpXFErvp++Aq5Bsw==",
        "dependencies": {
          "Microsoft.Extensions.Primitives": "6.0.0"
        }
      },
      "Microsoft.Extensions.Caching.Memory": {
        "type": "Transitive",
        "resolved": "6.0.0",
        "contentHash": "Ve3BlCzhAlVp5IgO3+8dacAhZk1A0GlIlFNkAcfR2TfAibLKWIt5DhVJZfu4YtW+XZ89OjYf/agMcgjDtPxdGA==",
        "dependencies": {
          "Microsoft.Extensions.Caching.Abstractions": "6.0.0",
          "Microsoft.Extensions.DependencyInjection.Abstractions": "6.0.0",
          "Microsoft.Extensions.Logging.Abstractions": "6.0.0",
          "Microsoft.Extensions.Options": "6.0.0",
          "Microsoft.Extensions.Primitives": "6.0.0"
        }
      },
      "Microsoft.Extensions.Configuration.Abstractions": {
        "type": "Transitive",
        "resolved": "6.0.0",
        "contentHash": "qWzV9o+ZRWq+pGm+1dF+R7qTgTYoXvbyowRoBxQJGfqTpqDun2eteerjRQhq5PQ/14S+lqto3Ft4gYaRyl4rdQ==",
        "dependencies": {
          "Microsoft.Extensions.Primitives": "6.0.0"
        }
      },
      "Microsoft.Extensions.Configuration.Binder": {
        "type": "Transitive",
        "resolved": "6.0.0",
        "contentHash": "b3ErKzND8LIC7o08QAVlKfaEIYEvLJbtmVbFZVBRXeu9YkKfSSzLZfR1SUfQPBIy9mKLhEtJgGYImkcMNaKE0A==",
        "dependencies": {
          "Microsoft.Extensions.Configuration.Abstractions": "6.0.0"
        }
      },
      "Microsoft.Extensions.DependencyInjection": {
        "type": "Transitive",
        "resolved": "6.0.0",
        "contentHash": "k6PWQMuoBDGGHOQTtyois2u4AwyVcIwL2LaSLlTZQm2CYcJ1pxbt6jfAnpWmzENA/wfrYRI/X9DTLoUkE4AsLw==",
        "dependencies": {
          "Microsoft.Extensions.DependencyInjection.Abstractions": "6.0.0",
          "System.Runtime.CompilerServices.Unsafe": "6.0.0"
        }
      },
      "Microsoft.Extensions.DependencyInjection.Abstractions": {
        "type": "Transitive",
        "resolved": "6.0.0",
        "contentHash": "xlzi2IYREJH3/m6+lUrQlujzX8wDitm4QGnUu6kUXTQAWPuZY8i+ticFJbzfqaetLA6KR/rO6Ew/HuYD+bxifg=="
      },
      "Microsoft.Extensions.FileProviders.Abstractions": {
        "type": "Transitive",
        "resolved": "6.0.0",
        "contentHash": "0pd4/fho0gC12rQswaGQxbU34jOS1TPS8lZPpkFCH68ppQjHNHYle9iRuHeev1LhrJ94YPvzcRd8UmIuFk23Qw==",
        "dependencies": {
          "Microsoft.Extensions.Primitives": "6.0.0"
        }
      },
      "Microsoft.Extensions.Hosting.Abstractions": {
        "type": "Transitive",
        "resolved": "6.0.0",
        "contentHash": "GcT5l2CYXL6Sa27KCSh0TixsRfADUgth+ojQSD5EkzisZxmGFh7CwzkcYuGwvmXLjr27uWRNrJ2vuuEjMhU05Q==",
        "dependencies": {
          "Microsoft.Extensions.Configuration.Abstractions": "6.0.0",
          "Microsoft.Extensions.DependencyInjection.Abstractions": "6.0.0",
          "Microsoft.Extensions.FileProviders.Abstractions": "6.0.0"
        }
      },
      "Microsoft.Extensions.Logging": {
        "type": "Transitive",
        "resolved": "6.0.0",
        "contentHash": "eIbyj40QDg1NDz0HBW0S5f3wrLVnKWnDJ/JtZ+yJDFnDj90VoPuoPmFkeaXrtu+0cKm5GRAwoDf+dBWXK0TUdg==",
        "dependencies": {
          "Microsoft.Extensions.DependencyInjection": "6.0.0",
          "Microsoft.Extensions.DependencyInjection.Abstractions": "6.0.0",
          "Microsoft.Extensions.Logging.Abstractions": "6.0.0",
          "Microsoft.Extensions.Options": "6.0.0",
          "System.Diagnostics.DiagnosticSource": "6.0.0"
        }
      },
      "Microsoft.Extensions.Logging.Abstractions": {
        "type": "Transitive",
        "resolved": "6.0.0",
        "contentHash": "/HggWBbTwy8TgebGSX5DBZ24ndhzi93sHUBDvP1IxbZD7FDokYzdAr6+vbWGjw2XAfR2EJ1sfKUotpjHnFWPxA=="
      },
      "Microsoft.Extensions.Options": {
        "type": "Transitive",
        "resolved": "6.0.0",
        "contentHash": "dzXN0+V1AyjOe2xcJ86Qbo233KHuLEY0njf/P2Kw8SfJU+d45HNS2ctJdnEnrWbM9Ye2eFgaC5Mj9otRMU6IsQ==",
        "dependencies": {
          "Microsoft.Extensions.DependencyInjection.Abstractions": "6.0.0",
          "Microsoft.Extensions.Primitives": "6.0.0"
        }
      },
      "Microsoft.Extensions.Primitives": {
        "type": "Transitive",
        "resolved": "6.0.0",
        "contentHash": "9+PnzmQFfEFNR9J2aDTfJGGupShHjOuGw4VUv+JB044biSHrnmCIMD+mJHmb2H7YryrfBEXDurxQ47gJZdCKNQ==",
        "dependencies": {
          "System.Runtime.CompilerServices.Unsafe": "6.0.0"
        }
      },
      "Microsoft.IdentityModel.JsonWebTokens": {
        "type": "Transitive",
        "resolved": "6.14.1",
        "contentHash": "9/KU/JWhTJ8Cs7YwfQD1ihoTiVUI7HI0ZoqdOGhKiRoV855wE5O1O9stIZzAZ/ES1b4X+j21ULkQGO3a3mK22w==",
        "dependencies": {
          "Microsoft.IdentityModel.Tokens": "6.14.1"
        }
      },
      "Microsoft.IdentityModel.Logging": {
        "type": "Transitive",
        "resolved": "6.14.1",
        "contentHash": "yjB8cYrRwQp/sX0JhpXHggUwF4YhyMoVE0Mzdyc9Z0gFikOej4dUNlnG7H9J5SCmI2xjLAYxinyDIzmGBFqCbg=="
      },
      "Microsoft.IdentityModel.Tokens": {
        "type": "Transitive",
        "resolved": "6.14.1",
        "contentHash": "14Z15Rwd0V6+m7mxbRWH2CrT2PK/B3H3R8qGNDeI6lSPFIQTq/1AJaYkCGcVX1xlKSowdNYaAROMaPbiWv8KIQ==",
        "dependencies": {
          "Microsoft.CSharp": "4.5.0",
          "Microsoft.IdentityModel.Logging": "6.14.1",
          "System.Security.Cryptography.Cng": "4.5.0"
        }
      },
      "Npgsql": {
        "type": "Transitive",
        "resolved": "6.0.0",
        "contentHash": "8m2AXZgX7b/VYL6D7aQ1M/hu7vQ+QvVHxaHelriupN2hZqEhcwJkPiICLBVSX/+xm+iN8mZVEUvD7ujmgpTgLw==",
        "dependencies": {
          "System.Runtime.CompilerServices.Unsafe": "6.0.0"
        }
      },
      "Npgsql.EntityFrameworkCore.PostgreSQL": {
        "type": "Transitive",
        "resolved": "6.0.0",
        "contentHash": "3laelDbRuri90YL+RAezn1VWEkrzaYkKq8OJ2vzAp6In9c8UqkaFMidIHyS9ipIerrv5Qo+mU55+8s5mrCiAvg==",
        "dependencies": {
          "Microsoft.EntityFrameworkCore": "6.0.0",
          "Microsoft.EntityFrameworkCore.Abstractions": "6.0.0",
          "Microsoft.EntityFrameworkCore.Relational": "6.0.0",
          "Npgsql": "6.0.0"
        }
      },
      "System.Collections.Immutable": {
        "type": "Transitive",
        "resolved": "6.0.0",
        "contentHash": "l4zZJ1WU2hqpQQHXz1rvC3etVZN+2DLmQMO79FhOTZHMn8tDRr+WU287sbomD0BETlmKDn0ygUgVy9k5xkkJdA==",
        "dependencies": {
          "System.Runtime.CompilerServices.Unsafe": "6.0.0"
        }
      },
      "System.Diagnostics.DiagnosticSource": {
        "type": "Transitive",
        "resolved": "6.0.0",
        "contentHash": "frQDfv0rl209cKm1lnwTgFPzNigy2EKk1BS3uAvHvlBVKe5cymGyHO+Sj+NLv5VF/AhHsqPIUUwya5oV4CHMUw==",
        "dependencies": {
          "System.Runtime.CompilerServices.Unsafe": "6.0.0"
        }
      },
      "System.Runtime.CompilerServices.Unsafe": {
        "type": "Transitive",
        "resolved": "6.0.0",
        "contentHash": "/iUeP3tq1S0XdNNoMz5C9twLSrM/TH+qElHkXWaPvuNOt+99G75NrV0OS2EqHx5wMN7popYjpc8oTjC1y16DLg=="
      },
      "System.Security.Cryptography.Cng": {
        "type": "Transitive",
        "resolved": "4.5.0",
        "contentHash": "WG3r7EyjUe9CMPFSs6bty5doUqT+q9pbI80hlNzo2SkPkZ4VTuZkGWjpp77JB8+uaL4DFPRdBsAY+DX3dBK92A=="
      },
      "todo.commons": {
        "type": "Project",
        "dependencies": {
          "Autofac": "6.3.0",
          "Microsoft.Extensions.Hosting.Abstractions": "6.0.0",
          "Microsoft.Extensions.Logging.Abstractions": "6.0.0"
        }
      },
      "todo.persistence": {
        "type": "Project",
        "dependencies": {
          "Microsoft.Extensions.Configuration.Binder": "6.0.0",
          "Npgsql.EntityFrameworkCore.PostgreSQL": "6.0.0",
          "Todo.Commons": "1.0.0"
        }
      }
    }
  }
}