{
  "version": 1,
  "dependencies": {
    "net8.0": {
      "Microsoft.AspNetCore.Mvc.Testing": {
        "type": "Direct",
        "requested": "[8.0.0, )",
        "resolved": "8.0.0",
        "contentHash": "PWPgPAlRdMEkVCHHic/Yy6t37PsPsymY1WkEH0TnjTeIlYu+g8Qfw1axj/ZmNDLvhKdiUNC2E2thHrYf2s7Yhg==",
        "dependencies": {
          "Microsoft.AspNetCore.TestHost": "8.0.0",
          "Microsoft.Extensions.DependencyModel": "8.0.0",
          "Microsoft.Extensions.Hosting": "8.0.0"
        }
      },
      "Newtonsoft.Json": {
        "type": "Direct",
        "requested": "[13.0.3, )",
        "resolved": "13.0.3",
        "contentHash": "HrC5BXdl00IP9zeV+0Z848QWPAoCr9P3bDEZguI+gkLcBKAOxix/tLEAAHC+UvDNPv4a2d18lOReHMOagPa+zQ=="
      },
      "SonarAnalyzer.CSharp": {
        "type": "Direct",
        "requested": "[9.12.0.78982, )",
        "resolved": "9.12.0.78982",
        "contentHash": "QxhfMFCNeZWP3gP/R8QM3MuDWm+Esj8Lt3oD61tid5TPuqsaKJtwMZNZWE2FOqqGuKlu3805o8MlkTWBL75skA=="
      },
      "Autofac": {
        "type": "Transitive",
        "resolved": "7.1.0",
        "contentHash": "XCXmpxhOnuztTTRkzG+8B8KU8SR8WjBYwSntndjlsFR5lM3K/g43r9hUwewIPDBJwDrmZU3TjmNdH6s8IF3VFQ==",
        "dependencies": {
          "System.Diagnostics.DiagnosticSource": "4.7.1"
        }
      },
      "Autofac.Extensions.DependencyInjection": {
        "type": "Transitive",
        "resolved": "8.0.0",
        "contentHash": "nGrXNpQX2FiZpIBydK9cxZnnoqP/cUd3k/53uRERYEqLtWzKtE15R6L+j5q5ax5Rv/+3wAIkOaPePkahfqrwjg==",
        "dependencies": {
          "Autofac": "6.4.0",
          "Microsoft.Extensions.DependencyInjection.Abstractions": "6.0.0"
        }
      },
      "Azure.Core": {
        "type": "Transitive",
        "resolved": "1.35.0",
        "contentHash": "hENcx03Jyuqv05F4RBEPbxz29UrM3Nbhnr6Wl6NQpoU9BCIbL3XLentrxDCTrH54NLS11Exxi/o8MYgT/cnKFA==",
        "dependencies": {
          "Microsoft.Bcl.AsyncInterfaces": "1.1.1",
          "System.Diagnostics.DiagnosticSource": "6.0.1",
          "System.Memory.Data": "1.0.2",
          "System.Numerics.Vectors": "4.5.0",
          "System.Text.Encodings.Web": "4.7.2",
          "System.Text.Json": "4.7.2",
          "System.Threading.Tasks.Extensions": "4.5.4"
        }
      },
      "Azure.Monitor.OpenTelemetry.Exporter": {
        "type": "Transitive",
        "resolved": "1.0.0",
        "contentHash": "Hj4tDQa5ZJc108QLjGaTvmf38fCn4vZMK6vd3muNQ+k7Zd71d+QrpnsnlaAVGAqb/XAKZsMhySviI5LtAlU+kA==",
        "dependencies": {
          "Azure.Core": "1.35.0",
          "OpenTelemetry": "1.6.0",
          "OpenTelemetry.PersistentStorage.FileSystem": "1.0.0",
          "System.Text.Json": "4.7.2"
        }
      },
      "Microsoft.ApplicationInsights": {
        "type": "Transitive",
        "resolved": "2.20.0",
        "contentHash": "mb+EC5j06Msn5HhKrhrsMAst6JxvYUnphQMGY2cixCabgGAO3q79Y8o/p1Zce1Azgd1IVkRKAMzAV4vDCbXOqA==",
        "dependencies": {
          "System.Diagnostics.DiagnosticSource": "5.0.0"
        }
      },
      "Microsoft.AspNetCore.Authentication.JwtBearer": {
        "type": "Transitive",
        "resolved": "8.0.0",
        "contentHash": "rwxaZYHips5M9vqxRkGfJthTx+Ws4O4yCuefn17J371jL3ouC5Ker43h2hXb5yd9BMnImE9rznT75KJHm6bMgg==",
        "dependencies": {
          "Microsoft.IdentityModel.Protocols.OpenIdConnect": "7.0.3"
        }
      },
      "Microsoft.AspNetCore.TestHost": {
        "type": "Transitive",
        "resolved": "8.0.0",
        "contentHash": "Rk6Ai9bFf1KubVY5oEbEPN5fiKWW2oeU+easjokyUqqYyTHRsXlkjFeMvwecgoXsoTfXMSwEHzJp8FCjQcyYTQ==",
        "dependencies": {
          "System.IO.Pipelines": "8.0.0"
        }
      },
      "Microsoft.Bcl.AsyncInterfaces": {
        "type": "Transitive",
        "resolved": "1.1.1",
        "contentHash": "yuvf07qFWFqtK3P/MRkEKLhn5r2UbSpVueRziSqj0yJQIKFwG1pq9mOayK3zE5qZCTs0CbrwL9M6R8VwqyGy2w=="
      },
      "Microsoft.EntityFrameworkCore": {
        "type": "Transitive",
        "resolved": "8.0.0-rc.2.23480.1",
        "contentHash": "UhC219ZUvPYC5rO0BddqHWU+3LL+WUVjtC3IRfcr53QGuUZJ7W2x2anoHXZSA/ouFOUC+KmThIKDUPklVknLWQ==",
        "dependencies": {
          "Microsoft.EntityFrameworkCore.Abstractions": "8.0.0-rc.2.23480.1",
          "Microsoft.EntityFrameworkCore.Analyzers": "8.0.0-rc.2.23480.1",
          "Microsoft.Extensions.Caching.Memory": "8.0.0-rc.2.23479.6",
          "Microsoft.Extensions.Logging": "8.0.0-rc.2.23479.6"
        }
      },
      "Microsoft.EntityFrameworkCore.Abstractions": {
        "type": "Transitive",
        "resolved": "8.0.0-rc.2.23480.1",
        "contentHash": "o1DA30AlAwA69ug787ru7hvc19Ej5H+1L5qZ2GmsnajVRC8SKy/EE2kWZ9Rzscb4GTqSaXo/qtbqsR/osa2sSA=="
      },
      "Microsoft.EntityFrameworkCore.Analyzers": {
        "type": "Transitive",
        "resolved": "8.0.0-rc.2.23480.1",
        "contentHash": "Xy+CAw24l2qUWIZwaYj3W+SINrEbLWp037Dz4x9WyXg4HSagigRWMDGhZBk9ElAHAmCi9e6/AvqygO80rcdcTg=="
      },
      "Microsoft.EntityFrameworkCore.Relational": {
        "type": "Transitive",
        "resolved": "8.0.0-rc.2.23480.1",
        "contentHash": "68dmYZPy4oSqdpXzA8qKBGVqJkArfiWeHMTQaWGm+p/UbXObIpFsJI1uvEeIxkcKF50xPeh6LKBr7XTOSxG6BA==",
        "dependencies": {
          "Microsoft.EntityFrameworkCore": "8.0.0-rc.2.23480.1",
          "Microsoft.Extensions.Configuration.Abstractions": "8.0.0-rc.2.23479.6"
        }
      },
      "Microsoft.Extensions.Caching.Abstractions": {
        "type": "Transitive",
        "resolved": "8.0.0-rc.2.23479.6",
        "contentHash": "8Rg0MN55ETBZHzTBWBduYfhlzOqxdSjSKmr2XBN+hprkrFp66CAx6wCkz4jNL0CFFySmEvzT3Gh3hz+FQRoZHw==",
        "dependencies": {
          "Microsoft.Extensions.Primitives": "8.0.0-rc.2.23479.6"
        }
      },
      "Microsoft.Extensions.Caching.Memory": {
        "type": "Transitive",
        "resolved": "8.0.0-rc.2.23479.6",
        "contentHash": "F8ptJyqu8j9ttZzgpBr2WbqWfF6IaACCnyJwHNrItb+JyVi01aZKKooKHbnVf6uvWMZrKTJ5YDlF4sy8U6JZtQ==",
        "dependencies": {
          "Microsoft.Extensions.Caching.Abstractions": "8.0.0-rc.2.23479.6",
          "Microsoft.Extensions.DependencyInjection.Abstractions": "8.0.0-rc.2.23479.6",
          "Microsoft.Extensions.Logging.Abstractions": "8.0.0-rc.2.23479.6",
          "Microsoft.Extensions.Options": "8.0.0-rc.2.23479.6",
          "Microsoft.Extensions.Primitives": "8.0.0-rc.2.23479.6"
        }
      },
      "Microsoft.Extensions.Configuration": {
        "type": "Transitive",
        "resolved": "8.0.0",
        "contentHash": "0J/9YNXTMWSZP2p2+nvl8p71zpSwokZXZuJW+VjdErkegAnFdO1XlqtA62SJtgVYHdKu3uPxJHcMR/r35HwFBA==",
        "dependencies": {
          "Microsoft.Extensions.Configuration.Abstractions": "8.0.0",
          "Microsoft.Extensions.Primitives": "8.0.0"
        }
      },
      "Microsoft.Extensions.Configuration.Abstractions": {
        "type": "Transitive",
        "resolved": "8.0.0",
        "contentHash": "3lE/iLSutpgX1CC0NOW70FJoGARRHbyKmG7dc0klnUZ9Dd9hS6N/POPWhKhMLCEuNN5nXEY5agmlFtH562vqhQ==",
        "dependencies": {
          "Microsoft.Extensions.Primitives": "8.0.0"
        }
      },
      "Microsoft.Extensions.Configuration.Binder": {
        "type": "Transitive",
        "resolved": "8.0.0",
        "contentHash": "mBMoXLsr5s1y2zOHWmKsE9veDcx8h1x/c3rz4baEdQKTeDcmQAPNbB54Pi/lhFO3K431eEq6PFbMgLaa6PHFfA==",
        "dependencies": {
          "Microsoft.Extensions.Configuration.Abstractions": "8.0.0"
        }
      },
      "Microsoft.Extensions.Configuration.CommandLine": {
        "type": "Transitive",
        "resolved": "8.0.0",
        "contentHash": "NZuZMz3Q8Z780nKX3ifV1fE7lS+6pynDHK71OfU4OZ1ItgvDOhyOC7E6z+JMZrAj63zRpwbdldYFk499t3+1dQ==",
        "dependencies": {
          "Microsoft.Extensions.Configuration": "8.0.0",
          "Microsoft.Extensions.Configuration.Abstractions": "8.0.0"
        }
      },
      "Microsoft.Extensions.Configuration.EnvironmentVariables": {
        "type": "Transitive",
        "resolved": "8.0.0",
        "contentHash": "plvZ0ZIpq+97gdPNNvhwvrEZ92kNml9hd1pe3idMA7svR0PztdzVLkoWLcRFgySYXUJc3kSM3Xw3mNFMo/bxRA==",
        "dependencies": {
          "Microsoft.Extensions.Configuration": "8.0.0",
          "Microsoft.Extensions.Configuration.Abstractions": "8.0.0"
        }
      },
      "Microsoft.Extensions.Configuration.FileExtensions": {
        "type": "Transitive",
        "resolved": "8.0.0",
        "contentHash": "McP+Lz/EKwvtCv48z0YImw+L1gi1gy5rHhNaNIY2CrjloV+XY8gydT8DjMR6zWeL13AFK+DioVpppwAuO1Gi1w==",
        "dependencies": {
          "Microsoft.Extensions.Configuration": "8.0.0",
          "Microsoft.Extensions.Configuration.Abstractions": "8.0.0",
          "Microsoft.Extensions.FileProviders.Abstractions": "8.0.0",
          "Microsoft.Extensions.FileProviders.Physical": "8.0.0",
          "Microsoft.Extensions.Primitives": "8.0.0"
        }
      },
      "Microsoft.Extensions.Configuration.Json": {
        "type": "Transitive",
        "resolved": "8.0.0",
        "contentHash": "C2wqUoh9OmRL1akaCcKSTmRU8z0kckfImG7zLNI8uyi47Lp+zd5LWAD17waPQEqCz3ioWOCrFUo+JJuoeZLOBw==",
        "dependencies": {
          "Microsoft.Extensions.Configuration": "8.0.0",
          "Microsoft.Extensions.Configuration.Abstractions": "8.0.0",
          "Microsoft.Extensions.Configuration.FileExtensions": "8.0.0",
          "Microsoft.Extensions.FileProviders.Abstractions": "8.0.0",
          "System.Text.Json": "8.0.0"
        }
      },
      "Microsoft.Extensions.Configuration.UserSecrets": {
        "type": "Transitive",
        "resolved": "8.0.0",
        "contentHash": "ihDHu2dJYQird9pl2CbdwuNDfvCZdOS0S7SPlNfhPt0B81UTT+yyZKz2pimFZGUp3AfuBRnqUCxB2SjsZKHVUw==",
        "dependencies": {
          "Microsoft.Extensions.Configuration.Abstractions": "8.0.0",
          "Microsoft.Extensions.Configuration.Json": "8.0.0",
          "Microsoft.Extensions.FileProviders.Abstractions": "8.0.0",
          "Microsoft.Extensions.FileProviders.Physical": "8.0.0"
        }
      },
      "Microsoft.Extensions.DependencyInjection": {
        "type": "Transitive",
        "resolved": "8.0.0",
        "contentHash": "V8S3bsm50ig6JSyrbcJJ8bW2b9QLGouz+G1miK3UTaOWmMtFwNNNzUf4AleyDWUmTrWMLNnFSLEQtxmxgNQnNQ==",
        "dependencies": {
          "Microsoft.Extensions.DependencyInjection.Abstractions": "8.0.0"
        }
      },
      "Microsoft.Extensions.DependencyInjection.Abstractions": {
        "type": "Transitive",
        "resolved": "8.0.0",
        "contentHash": "cjWrLkJXK0rs4zofsK4bSdg+jhDLTaxrkXu4gS6Y7MAlCvRyNNgwY/lJi5RDlQOnSZweHqoyvgvbdvQsRIW+hg=="
      },
      "Microsoft.Extensions.DependencyModel": {
        "type": "Transitive",
        "resolved": "8.0.0",
        "contentHash": "NSmDw3K0ozNDgShSIpsZcbFIzBX4w28nDag+TfaQujkXGazBm+lid5onlWoCBy4VsLxqnnKjEBbGSJVWJMf43g==",
        "dependencies": {
          "System.Text.Encodings.Web": "8.0.0",
          "System.Text.Json": "8.0.0"
        }
      },
      "Microsoft.Extensions.Diagnostics": {
        "type": "Transitive",
        "resolved": "8.0.0",
        "contentHash": "3PZp/YSkIXrF7QK7PfC1bkyRYwqOHpWFad8Qx+4wkuumAeXo1NHaxpS9LboNA9OvNSAu+QOVlXbMyoY+pHSqcw==",
        "dependencies": {
          "Microsoft.Extensions.Configuration": "8.0.0",
          "Microsoft.Extensions.Diagnostics.Abstractions": "8.0.0",
          "Microsoft.Extensions.Options.ConfigurationExtensions": "8.0.0"
        }
      },
      "Microsoft.Extensions.Diagnostics.Abstractions": {
        "type": "Transitive",
        "resolved": "8.0.0",
        "contentHash": "JHYCQG7HmugNYUhOl368g+NMxYE/N/AiclCYRNlgCY9eVyiBkOHMwK4x60RYMxv9EL3+rmj1mqHvdCiPpC+D4Q==",
        "dependencies": {
          "Microsoft.Extensions.DependencyInjection.Abstractions": "8.0.0",
          "Microsoft.Extensions.Options": "8.0.0",
          "System.Diagnostics.DiagnosticSource": "8.0.0"
        }
      },
      "Microsoft.Extensions.FileProviders.Abstractions": {
        "type": "Transitive",
        "resolved": "8.0.0",
        "contentHash": "ZbaMlhJlpisjuWbvXr4LdAst/1XxH3vZ6A0BsgTphZ2L4PGuxRLz7Jr/S7mkAAnOn78Vu0fKhEgNF5JO3zfjqQ==",
        "dependencies": {
          "Microsoft.Extensions.Primitives": "8.0.0"
        }
      },
      "Microsoft.Extensions.FileProviders.Physical": {
        "type": "Transitive",
        "resolved": "8.0.0",
        "contentHash": "UboiXxpPUpwulHvIAVE36Knq0VSHaAmfrFkegLyBZeaADuKezJ/AIXYAW8F5GBlGk/VaibN2k/Zn1ca8YAfVdA==",
        "dependencies": {
          "Microsoft.Extensions.FileProviders.Abstractions": "8.0.0",
          "Microsoft.Extensions.FileSystemGlobbing": "8.0.0",
          "Microsoft.Extensions.Primitives": "8.0.0"
        }
      },
      "Microsoft.Extensions.FileSystemGlobbing": {
        "type": "Transitive",
        "resolved": "8.0.0",
        "contentHash": "OK+670i7esqlQrPjdIKRbsyMCe9g5kSLpRRQGSr4Q58AOYEe/hCnfLZprh7viNisSUUQZmMrbbuDaIrP+V1ebQ=="
      },
      "Microsoft.Extensions.Hosting": {
        "type": "Transitive",
        "resolved": "8.0.0",
        "contentHash": "ItYHpdqVp5/oFLT5QqbopnkKlyFG9EW/9nhM6/yfObeKt6Su0wkBio6AizgRHGNwhJuAtlE5VIjow5JOTrip6w==",
        "dependencies": {
          "Microsoft.Extensions.Configuration": "8.0.0",
          "Microsoft.Extensions.Configuration.Abstractions": "8.0.0",
          "Microsoft.Extensions.Configuration.Binder": "8.0.0",
          "Microsoft.Extensions.Configuration.CommandLine": "8.0.0",
          "Microsoft.Extensions.Configuration.EnvironmentVariables": "8.0.0",
          "Microsoft.Extensions.Configuration.FileExtensions": "8.0.0",
          "Microsoft.Extensions.Configuration.Json": "8.0.0",
          "Microsoft.Extensions.Configuration.UserSecrets": "8.0.0",
          "Microsoft.Extensions.DependencyInjection": "8.0.0",
          "Microsoft.Extensions.DependencyInjection.Abstractions": "8.0.0",
          "Microsoft.Extensions.Diagnostics": "8.0.0",
          "Microsoft.Extensions.FileProviders.Abstractions": "8.0.0",
          "Microsoft.Extensions.FileProviders.Physical": "8.0.0",
          "Microsoft.Extensions.Hosting.Abstractions": "8.0.0",
          "Microsoft.Extensions.Logging": "8.0.0",
          "Microsoft.Extensions.Logging.Abstractions": "8.0.0",
          "Microsoft.Extensions.Logging.Configuration": "8.0.0",
          "Microsoft.Extensions.Logging.Console": "8.0.0",
          "Microsoft.Extensions.Logging.Debug": "8.0.0",
          "Microsoft.Extensions.Logging.EventLog": "8.0.0",
          "Microsoft.Extensions.Logging.EventSource": "8.0.0",
          "Microsoft.Extensions.Options": "8.0.0"
        }
      },
      "Microsoft.Extensions.Hosting.Abstractions": {
        "type": "Transitive",
        "resolved": "8.0.0",
        "contentHash": "AG7HWwVRdCHlaA++1oKDxLsXIBxmDpMPb3VoyOoAghEWnkUvEAdYQUwnV4jJbAaa/nMYNiEh5ByoLauZBEiovg==",
        "dependencies": {
          "Microsoft.Extensions.Configuration.Abstractions": "8.0.0",
          "Microsoft.Extensions.DependencyInjection.Abstractions": "8.0.0",
          "Microsoft.Extensions.Diagnostics.Abstractions": "8.0.0",
          "Microsoft.Extensions.FileProviders.Abstractions": "8.0.0",
          "Microsoft.Extensions.Logging.Abstractions": "8.0.0"
        }
      },
      "Microsoft.Extensions.Logging": {
        "type": "Transitive",
        "resolved": "8.0.0",
        "contentHash": "tvRkov9tAJ3xP51LCv3FJ2zINmv1P8Hi8lhhtcKGqM+ImiTCC84uOPEI4z8Cdq2C3o9e+Aa0Gw0rmrsJD77W+w==",
        "dependencies": {
          "Microsoft.Extensions.DependencyInjection": "8.0.0",
          "Microsoft.Extensions.Logging.Abstractions": "8.0.0",
          "Microsoft.Extensions.Options": "8.0.0"
        }
      },
      "Microsoft.Extensions.Logging.Abstractions": {
        "type": "Transitive",
        "resolved": "8.0.0",
        "contentHash": "arDBqTgFCyS0EvRV7O3MZturChstm50OJ0y9bDJvAcmEPJm0FFpFyjU/JLYyStNGGey081DvnQYlncNX5SJJGA==",
        "dependencies": {
          "Microsoft.Extensions.DependencyInjection.Abstractions": "8.0.0"
        }
      },
      "Microsoft.Extensions.Logging.Configuration": {
        "type": "Transitive",
        "resolved": "8.0.0",
        "contentHash": "ixXXV0G/12g6MXK65TLngYN9V5hQQRuV+fZi882WIoVJT7h5JvoYoxTEwCgdqwLjSneqh1O+66gM8sMr9z/rsQ==",
        "dependencies": {
          "Microsoft.Extensions.Configuration": "8.0.0",
          "Microsoft.Extensions.Configuration.Abstractions": "8.0.0",
          "Microsoft.Extensions.Configuration.Binder": "8.0.0",
          "Microsoft.Extensions.DependencyInjection.Abstractions": "8.0.0",
          "Microsoft.Extensions.Logging": "8.0.0",
          "Microsoft.Extensions.Logging.Abstractions": "8.0.0",
          "Microsoft.Extensions.Options": "8.0.0",
          "Microsoft.Extensions.Options.ConfigurationExtensions": "8.0.0"
        }
      },
      "Microsoft.Extensions.Logging.Console": {
        "type": "Transitive",
        "resolved": "8.0.0",
        "contentHash": "e+48o7DztoYog+PY430lPxrM4mm3PbA6qucvQtUDDwVo4MO+ejMw7YGc/o2rnxbxj4isPxdfKFzTxvXMwAz83A==",
        "dependencies": {
          "Microsoft.Extensions.DependencyInjection.Abstractions": "8.0.0",
          "Microsoft.Extensions.Logging": "8.0.0",
          "Microsoft.Extensions.Logging.Abstractions": "8.0.0",
          "Microsoft.Extensions.Logging.Configuration": "8.0.0",
          "Microsoft.Extensions.Options": "8.0.0",
          "System.Text.Json": "8.0.0"
        }
      },
      "Microsoft.Extensions.Logging.Debug": {
        "type": "Transitive",
        "resolved": "8.0.0",
        "contentHash": "dt0x21qBdudHLW/bjMJpkixv858RRr8eSomgVbU8qljOyfrfDGi1JQvpF9w8S7ziRPtRKisuWaOwFxJM82GxeA==",
        "dependencies": {
          "Microsoft.Extensions.DependencyInjection.Abstractions": "8.0.0",
          "Microsoft.Extensions.Logging": "8.0.0",
          "Microsoft.Extensions.Logging.Abstractions": "8.0.0"
        }
      },
      "Microsoft.Extensions.Logging.EventLog": {
        "type": "Transitive",
        "resolved": "8.0.0",
        "contentHash": "3X9D3sl7EmOu7vQp5MJrmIJBl5XSdOhZPYXUeFfYa6Nnm9+tok8x3t3IVPLhm7UJtPOU61ohFchw8rNm9tIYOQ==",
        "dependencies": {
          "Microsoft.Extensions.DependencyInjection.Abstractions": "8.0.0",
          "Microsoft.Extensions.Logging": "8.0.0",
          "Microsoft.Extensions.Logging.Abstractions": "8.0.0",
          "Microsoft.Extensions.Options": "8.0.0",
          "System.Diagnostics.EventLog": "8.0.0"
        }
      },
      "Microsoft.Extensions.Logging.EventSource": {
        "type": "Transitive",
        "resolved": "8.0.0",
        "contentHash": "oKcPMrw+luz2DUAKhwFXrmFikZWnyc8l2RKoQwqU3KIZZjcfoJE0zRHAnqATfhRZhtcbjl/QkiY2Xjxp0xu+6w==",
        "dependencies": {
          "Microsoft.Extensions.DependencyInjection.Abstractions": "8.0.0",
          "Microsoft.Extensions.Logging": "8.0.0",
          "Microsoft.Extensions.Logging.Abstractions": "8.0.0",
          "Microsoft.Extensions.Options": "8.0.0",
          "Microsoft.Extensions.Primitives": "8.0.0",
          "System.Text.Json": "8.0.0"
        }
      },
      "Microsoft.Extensions.Options": {
        "type": "Transitive",
        "resolved": "8.0.0",
        "contentHash": "JOVOfqpnqlVLUzINQ2fox8evY2SKLYJ3BV8QDe/Jyp21u1T7r45x/R/5QdteURMR5r01GxeJSBBUOCOyaNXA3g==",
        "dependencies": {
          "Microsoft.Extensions.DependencyInjection.Abstractions": "8.0.0",
          "Microsoft.Extensions.Primitives": "8.0.0"
        }
      },
      "Microsoft.Extensions.Options.ConfigurationExtensions": {
        "type": "Transitive",
        "resolved": "8.0.0",
        "contentHash": "0f4DMRqEd50zQh+UyJc+/HiBsZ3vhAQALgdkcQEalSH1L2isdC7Yj54M3cyo5e+BeO5fcBQ7Dxly8XiBBcvRgw==",
        "dependencies": {
          "Microsoft.Extensions.Configuration.Abstractions": "8.0.0",
          "Microsoft.Extensions.Configuration.Binder": "8.0.0",
          "Microsoft.Extensions.DependencyInjection.Abstractions": "8.0.0",
          "Microsoft.Extensions.Options": "8.0.0",
          "Microsoft.Extensions.Primitives": "8.0.0"
        }
      },
      "Microsoft.Extensions.Primitives": {
        "type": "Transitive",
        "resolved": "8.0.0",
        "contentHash": "bXJEZrW9ny8vjMF1JV253WeLhpEVzFo1lyaZu1vQ4ZxWUlVvknZ/+ftFgVheLubb4eZPSwwxBeqS1JkCOjxd8g=="
      },
      "Microsoft.IdentityModel.Abstractions": {
        "type": "Transitive",
        "resolved": "7.0.3",
        "contentHash": "cfPUWdjigLIRIJSKz3uaZxShgf86RVDXHC1VEEchj1gnY25akwPYpbrfSoIGDCqA9UmOMdlctq411+2pAViFow=="
      },
      "Microsoft.IdentityModel.JsonWebTokens": {
        "type": "Transitive",
        "resolved": "7.0.3",
        "contentHash": "vxjHVZbMKD3rVdbvKhzAW+7UiFrYToUVm3AGmYfKSOAwyhdLl/ELX1KZr+FaLyyS5VReIzWRWJfbOuHM9i6ywg==",
        "dependencies": {
          "Microsoft.IdentityModel.Tokens": "7.0.3"
        }
      },
      "Microsoft.IdentityModel.Logging": {
        "type": "Transitive",
        "resolved": "7.0.3",
        "contentHash": "b6GbGO+2LOTBEccHhqoJsOsmemG4A/MY+8H0wK/ewRhiG+DCYwEnucog1cSArPIY55zcn+XdZl0YEiUHkpDISQ==",
        "dependencies": {
          "Microsoft.IdentityModel.Abstractions": "7.0.3"
        }
      },
      "Microsoft.IdentityModel.Protocols": {
        "type": "Transitive",
        "resolved": "7.0.3",
        "contentHash": "BtwR+tctBYhPNygyZmt1Rnw74GFrJteW+1zcdIgyvBCjkek6cNwPPqRfdhzCv61i+lwyNomRi8+iI4QKd4YCKA==",
        "dependencies": {
          "Microsoft.IdentityModel.Logging": "7.0.3",
          "Microsoft.IdentityModel.Tokens": "7.0.3"
        }
      },
      "Microsoft.IdentityModel.Protocols.OpenIdConnect": {
        "type": "Transitive",
        "resolved": "7.0.3",
        "contentHash": "W97TraHApDNArLwpPcXfD+FZH7njJsfEwZE9y9BoofeXMS8H0LBBobz0VOmYmMK4mLdOKxzN7SFT3Ekg0FWI3Q==",
        "dependencies": {
          "Microsoft.IdentityModel.Protocols": "7.0.3",
          "System.IdentityModel.Tokens.Jwt": "7.0.3"
        }
      },
      "Microsoft.IdentityModel.Tokens": {
        "type": "Transitive",
        "resolved": "7.0.3",
        "contentHash": "wB+LlbDjhnJ98DULjmFepqf9eEMh/sDs6S6hFh68iNRHmwollwhxk+nbSSfpA5+j+FbRyNskoaY4JsY1iCOKCg==",
        "dependencies": {
          "Microsoft.IdentityModel.Logging": "7.0.3"
        }
      },
      "Npgsql": {
        "type": "Transitive",
        "resolved": "8.0.0-rc.2",
        "contentHash": "iTIX8+YztrS0zjlmhmKQY1ExvIEhhko5dzKAKvuxtYaVd/ZDeOGD90RdwCiqwlnqcw8m3k3DJNOFpmAucY8A3w==",
        "dependencies": {
          "Microsoft.Extensions.Logging.Abstractions": "8.0.0-rc.2.23479.6"
        }
      },
      "Npgsql.EntityFrameworkCore.PostgreSQL": {
        "type": "Transitive",
        "resolved": "8.0.0-rc.2",
        "contentHash": "d210c8xarZ4W/1HDwZX8LYupkgkzD1hS68ZYpogAe60hbSk93/qSfBVwNxRsO3ibhlQLVgPLJWZ9Yws6xzct5Q==",
        "dependencies": {
          "Microsoft.EntityFrameworkCore": "8.0.0-rc.2.23480.1",
          "Microsoft.EntityFrameworkCore.Abstractions": "8.0.0-rc.2.23480.1",
          "Microsoft.EntityFrameworkCore.Relational": "8.0.0-rc.2.23480.1",
          "Npgsql": "8.0.0-rc.2"
        }
      },
      "OpenTelemetry": {
        "type": "Transitive",
        "resolved": "1.6.0",
        "contentHash": "bTvLk9YIg0nUDb6K+f8mJkMK8b7sfGEyD0Zmg6ckD7kDCkBq1Hk1KjqlA/jEsypJIVnyclP0CGDcOELGYXGpAA==",
        "dependencies": {
          "Microsoft.Extensions.Logging.Configuration": "3.1.0",
          "OpenTelemetry.Api.ProviderBuilderExtensions": "1.6.0"
        }
      },
      "OpenTelemetry.Api": {
        "type": "Transitive",
        "resolved": "1.6.0",
        "contentHash": "LTF4PB6UicJlgrBBg0rblAMyJJLMAVBujg8T9pGPQsl1vVgPNZoJNTLadhC3ZdYUzuKsvYLS31vT0/wl97JtEw==",
        "dependencies": {
          "System.Diagnostics.DiagnosticSource": "7.0.2"
        }
      },
      "OpenTelemetry.Api.ProviderBuilderExtensions": {
        "type": "Transitive",
        "resolved": "1.6.0",
        "contentHash": "k8lqUAxjXkCV6yKdXfCbxsHMh5x7F7q8lAKm61rP/iP3EJPG1XhOy3j9nyubBYCm/xqlIy4ugWcqY1Inxolozw==",
        "dependencies": {
          "Microsoft.Extensions.DependencyInjection.Abstractions": "3.1.0",
          "OpenTelemetry.Api": "1.6.0"
        }
      },
      "OpenTelemetry.Contrib.Instrumentation.EntityFrameworkCore": {
        "type": "Transitive",
        "resolved": "1.0.0-beta2",
        "contentHash": "legTYmOM+bEQ+uXmMi5VgyEZWWXRkp7zJDZ2lbA10d+aN5Qykk150H8PuS3hrCvmho8bn/JZFDmiJjrzaDE0DA==",
        "dependencies": {
          "OpenTelemetry.Api": "1.0.1"
        }
      },
      "OpenTelemetry.Exporter.Jaeger": {
        "type": "Transitive",
        "resolved": "1.5.1",
        "contentHash": "gBDpVDSqyTgsiPdMeHWjwlJnQAcVaF4BH0fnTwZScSjFqSHEuwmvRbOzvn44tGbVttOA1qpqPPid+OyrszMRXQ==",
        "dependencies": {
          "OpenTelemetry": "1.5.1",
          "System.Threading.Tasks.Extensions": "4.5.4"
        }
      },
      "OpenTelemetry.Extensions": {
        "type": "Transitive",
        "resolved": "1.0.0-beta.4",
        "contentHash": "yGqJ7MloFplJEa3UXeEOsvNiilbgIu9YfD4ekANC7I4wANTJVEj6HTh0m1A9/0KkJQHDPixs0wf/Ke2+2SpLng==",
        "dependencies": {
          "OpenTelemetry": "[1.4.0, 2.0.0)"
        }
      },
      "OpenTelemetry.Extensions.Hosting": {
        "type": "Transitive",
        "resolved": "1.6.0",
        "contentHash": "Bu9biIlX1mLOtHiXYJ+IJJ2AfuiXcUjswxo5FD+pV+V+miRS0AtJrnZoWzlL2ATVY0QlVbSBJFDULPbgb0vylw==",
        "dependencies": {
          "Microsoft.Extensions.Hosting.Abstractions": "2.1.0",
          "OpenTelemetry": "1.6.0"
        }
      },
      "OpenTelemetry.Instrumentation.AspNetCore": {
        "type": "Transitive",
        "resolved": "1.0.0-rc9.14",
        "contentHash": "1FEX8srCzGBrDWL5gdXwk0RoXkYWamj3ZnBjDbwqJd2XGvWCE4LwfwtPj8G8P1ox1tYaBEs5mWkb+h2t9KQyfQ==",
        "dependencies": {
          "OpenTelemetry": "1.4.0"
        }
      },
      "OpenTelemetry.PersistentStorage.Abstractions": {
        "type": "Transitive",
        "resolved": "1.0.0",
        "contentHash": "7ZtgGFPCovixOwJ+azTsMTkadM5u1SPYRKOXqYz0jWNbrzVGJmvktLr7eS4ncwcve86BW9nAZW++vjdfIXyt7g=="
      },
      "OpenTelemetry.PersistentStorage.FileSystem": {
        "type": "Transitive",
        "resolved": "1.0.0",
        "contentHash": "MBz/D9Lo2tKfVMmk5tPVQ1RwiWL+if4b6wv7KJOeBmio5lv0twRLAQxkBHfnLpcf66oWAQS6AaFykmn1Atww1Q==",
        "dependencies": {
          "OpenTelemetry.PersistentStorage.Abstractions": "1.0.0"
        }
      },
      "Serilog": {
        "type": "Transitive",
        "resolved": "3.1.1",
        "contentHash": "P6G4/4Kt9bT635bhuwdXlJ2SCqqn2nhh4gqFqQueCOr9bK/e7W9ll/IoX1Ter948cV2Z/5+5v8pAfJYUISY03A=="
      },
      "Serilog.AspNetCore": {
        "type": "Transitive",
        "resolved": "8.0.0",
        "contentHash": "FAjtKPZ4IzqFQBqZKPv6evcXK/F0ls7RoXI/62Pnx2igkDZ6nZ/jn/C/FxVATqQbEQvtqP+KViWYIe4NZIHa2w==",
        "dependencies": {
          "Microsoft.Extensions.DependencyInjection": "8.0.0",
          "Microsoft.Extensions.Logging": "8.0.0",
          "Serilog": "3.1.1",
          "Serilog.Extensions.Hosting": "8.0.0",
          "Serilog.Extensions.Logging": "8.0.0",
          "Serilog.Formatting.Compact": "2.0.0",
          "Serilog.Settings.Configuration": "8.0.0",
          "Serilog.Sinks.Console": "5.0.0",
          "Serilog.Sinks.Debug": "2.0.0",
          "Serilog.Sinks.File": "5.0.0"
        }
      },
      "Serilog.Enrichers.Span": {
        "type": "Transitive",
        "resolved": "3.1.0",
        "contentHash": "xNxy5FxIuLLusRHBpJwJ/YqVw5S7Dtbt79NUsPQxDtu4+CYG4kJgjLs9fjZhKPMjZQL8GZRewT8brap9h2r+Vw==",
        "dependencies": {
          "Serilog": "2.10.0",
          "System.Diagnostics.DiagnosticSource": "7.0.0"
        }
      },
      "Serilog.Enrichers.Thread": {
        "type": "Transitive",
        "resolved": "3.1.0",
        "contentHash": "85lWsGRJpRxvKT6j/H67no55SUBsBIvp556TKuBTGhjtoPeq+L7j/sDWbgAtvT0p7u7/phJyX6j35PQ4Vtqw0g==",
        "dependencies": {
          "Serilog": "2.3.0"
        }
      },
      "Serilog.Extensions.Hosting": {
        "type": "Transitive",
        "resolved": "8.0.0",
        "contentHash": "db0OcbWeSCvYQkHWu6n0v40N4kKaTAXNjlM3BKvcbwvNzYphQFcBR+36eQ/7hMMwOkJvAyLC2a9/jNdUL5NjtQ==",
        "dependencies": {
          "Microsoft.Extensions.DependencyInjection.Abstractions": "8.0.0",
          "Microsoft.Extensions.Hosting.Abstractions": "8.0.0",
          "Microsoft.Extensions.Logging.Abstractions": "8.0.0",
          "Serilog": "3.1.1",
          "Serilog.Extensions.Logging": "8.0.0"
        }
      },
      "Serilog.Extensions.Logging": {
        "type": "Transitive",
        "resolved": "8.0.0",
        "contentHash": "YEAMWu1UnWgf1c1KP85l1SgXGfiVo0Rz6x08pCiPOIBt2Qe18tcZLvdBUuV5o1QHvrs8FAry9wTIhgBRtjIlEg==",
        "dependencies": {
          "Microsoft.Extensions.Logging": "8.0.0",
          "Serilog": "3.1.1"
        }
      },
      "Serilog.Formatting.Compact": {
        "type": "Transitive",
        "resolved": "2.0.0",
        "contentHash": "ob6z3ikzFM3D1xalhFuBIK1IOWf+XrQq+H4KeH4VqBcPpNcmUgZlRQ2h3Q7wvthpdZBBoY86qZOI2LCXNaLlNA==",
        "dependencies": {
          "Serilog": "3.1.0"
        }
      },
      "Serilog.Settings.Configuration": {
        "type": "Transitive",
        "resolved": "8.0.0",
        "contentHash": "nR0iL5HwKj5v6ULo3/zpP8NMcq9E2pxYA6XKTSWCbugVs4YqPyvaqaKOY+OMpPivKp7zMEpax2UKHnDodbRB0Q==",
        "dependencies": {
          "Microsoft.Extensions.Configuration.Binder": "8.0.0",
          "Microsoft.Extensions.DependencyModel": "8.0.0",
          "Serilog": "3.1.1"
        }
      },
      "Serilog.Sinks.ApplicationInsights": {
        "type": "Transitive",
        "resolved": "4.0.0",
        "contentHash": "AlYq1JFqh+RFKwLKZ3X224Zbe1gnkMbqSELp2FApLN0iMyRPdwwxMJBCCrk49C8qOefBd4zN+J/1Tq3i75DunA==",
        "dependencies": {
          "Microsoft.ApplicationInsights": "2.20.0",
          "Serilog": "2.11.0"
        }
      },
      "Serilog.Sinks.Console": {
        "type": "Transitive",
        "resolved": "5.0.0",
        "contentHash": "IZ6bn79k+3SRXOBpwSOClUHikSkp2toGPCZ0teUkscv4dpDg9E2R2xVsNkLmwddE4OpNVO3N0xiYsAH556vN8Q==",
        "dependencies": {
          "Serilog": "3.1.0"
        }
      },
      "Serilog.Sinks.Debug": {
        "type": "Transitive",
        "resolved": "2.0.0",
        "contentHash": "Y6g3OBJ4JzTyyw16fDqtFcQ41qQAydnEvEqmXjhwhgjsnG/FaJ8GUqF5ldsC/bVkK8KYmqrPhDO+tm4dF6xx4A==",
        "dependencies": {
          "Serilog": "2.10.0"
        }
      },
      "Serilog.Sinks.File": {
        "type": "Transitive",
        "resolved": "5.0.0",
        "contentHash": "uwV5hdhWPwUH1szhO8PJpFiahqXmzPzJT/sOijH/kFgUx+cyoDTMM8MHD0adw9+Iem6itoibbUXHYslzXsLEAg==",
        "dependencies": {
          "Serilog": "2.10.0"
        }
      },
      "Serilog.Sinks.PeriodicBatching": {
        "type": "Transitive",
        "resolved": "3.1.0",
        "contentHash": "NDWR7m3PalVlGEq3rzoktrXikjFMLmpwF0HI4sowo8YDdU+gqPlTHlDQiOGxHfB0sTfjPA9JjA7ctKG9zqjGkw==",
        "dependencies": {
          "Serilog": "2.0.0"
        }
      },
      "Serilog.Sinks.Seq": {
        "type": "Transitive",
        "resolved": "6.0.0",
        "contentHash": "LtxlH5xE3ZPxmCYL5+I8tPzytnR91xfFFIIUIcpoGq69a45eyFkrVMonApww+B08a0I++GfM7jP1oB6GBhOR1w==",
        "dependencies": {
          "Serilog": "3.1.1",
          "Serilog.Formatting.Compact": "2.0.0",
          "Serilog.Sinks.File": "5.0.0",
          "Serilog.Sinks.PeriodicBatching": "3.1.0"
        }
      },
      "System.Diagnostics.DiagnosticSource": {
        "type": "Transitive",
        "resolved": "8.0.0",
        "contentHash": "c9xLpVz6PL9lp/djOWtk5KPDZq3cSYpmXoJQY524EOtuFl5z9ZtsotpsyrDW40U1DRnQSYvcPKEUV0X//u6gkQ=="
      },
      "System.Diagnostics.EventLog": {
        "type": "Transitive",
        "resolved": "8.0.0",
        "contentHash": "fdYxcRjQqTTacKId/2IECojlDSFvp7LP5N78+0z/xH7v/Tuw5ZAxu23Y6PTCRinqyu2ePx+Gn1098NC6jM6d+A=="
      },
      "System.IdentityModel.Tokens.Jwt": {
        "type": "Transitive",
        "resolved": "7.0.3",
        "contentHash": "caEe+OpQNYNiyZb+DJpUVROXoVySWBahko2ooNfUcllxa9ZQUM8CgM/mDjP6AoFn6cQU9xMmG+jivXWub8cbGg==",
        "dependencies": {
          "Microsoft.IdentityModel.JsonWebTokens": "7.0.3",
          "Microsoft.IdentityModel.Tokens": "7.0.3"
        }
      },
      "System.IO.Pipelines": {
        "type": "Transitive",
        "resolved": "8.0.0",
        "contentHash": "FHNOatmUq0sqJOkTx+UF/9YK1f180cnW5FVqnQMvYUN0elp6wFzbtPSiqbo1/ru8ICp43JM1i7kKkk6GsNGHlA=="
      },
      "System.Memory.Data": {
        "type": "Transitive",
        "resolved": "1.0.2",
        "contentHash": "JGkzeqgBsiZwKJZ1IxPNsDFZDhUvuEdX8L8BDC8N3KOj+6zMcNU28CNN59TpZE/VJYy9cP+5M+sbxtWJx3/xtw==",
        "dependencies": {
          "System.Text.Encodings.Web": "4.7.2",
          "System.Text.Json": "4.6.0"
        }
      },
      "System.Numerics.Vectors": {
        "type": "Transitive",
        "resolved": "4.5.0",
        "contentHash": "QQTlPTl06J/iiDbJCiepZ4H//BVraReU4O4EoRw1U02H5TLUIT7xn3GnDp9AXPSlJUDyFs4uWjWafNX6WrAojQ=="
      },
      "System.Text.Encodings.Web": {
        "type": "Transitive",
        "resolved": "8.0.0",
        "contentHash": "yev/k9GHAEGx2Rg3/tU6MQh4HGBXJs70y7j1LaM1i/ER9po+6nnQ6RRqTJn1E7Xu0fbIFK80Nh5EoODxrbxwBQ=="
      },
      "System.Text.Json": {
        "type": "Transitive",
        "resolved": "8.0.0",
        "contentHash": "OdrZO2WjkiEG6ajEFRABTRCi/wuXQPxeV6g8xvUJqdxMvvuCCEk86zPla8UiIQJz3durtUEbNyY/3lIhS0yZvQ==",
        "dependencies": {
          "System.Text.Encodings.Web": "8.0.0"
        }
      },
      "System.Threading.Tasks.Extensions": {
        "type": "Transitive",
        "resolved": "4.5.4",
        "contentHash": "zteT+G8xuGu6mS+mzDzYXbzS7rd3K6Fjb9RiZlYlJPam2/hU7JCBZBVEcywNuR+oZ1ncTvc/cq0faRr3P01OVg=="
      },
      "todo.applicationflows": {
        "type": "Project",
        "dependencies": {
          "Todo.Commons": "[1.0.0, )",
          "Todo.Services": "[1.0.0, )"
        }
      },
      "todo.commons": {
        "type": "Project",
        "dependencies": {
          "Autofac": "[7.1.0, )",
          "Microsoft.Extensions.Hosting.Abstractions": "[8.0.0, )",
          "Microsoft.Extensions.Logging.Abstractions": "[8.0.0, )"
        }
      },
      "todo.persistence": {
        "type": "Project",
        "dependencies": {
          "Microsoft.Extensions.Configuration.Binder": "[8.0.0, )",
          "Npgsql.EntityFrameworkCore.PostgreSQL": "[8.0.0-rc.2, )",
          "Todo.Commons": "[1.0.0, )"
        }
      },
      "todo.services": {
        "type": "Project",
        "dependencies": {
          "System.IdentityModel.Tokens.Jwt": "[7.0.3, )",
          "Todo.Persistence": "[1.0.0, )"
        }
      },
      "todo.telemetry": {
        "type": "Project",
        "dependencies": {
          "Azure.Monitor.OpenTelemetry.Exporter": "[1.0.0, )",
          "OpenTelemetry": "[1.6.0, )",
          "OpenTelemetry.Contrib.Instrumentation.EntityFrameworkCore": "[1.0.0-beta2, )",
          "OpenTelemetry.Exporter.Jaeger": "[1.5.1, )",
          "OpenTelemetry.Extensions": "[1.0.0-beta.4, )",
          "OpenTelemetry.Extensions.Hosting": "[1.6.0, )",
          "OpenTelemetry.Instrumentation.AspNetCore": "[1.0.0-rc9.14, )",
          "Serilog.AspNetCore": "[8.0.0, )",
          "Serilog.Enrichers.Span": "[3.1.0, )",
          "Serilog.Enrichers.Thread": "[3.1.0, )",
          "Serilog.Sinks.ApplicationInsights": "[4.0.0, )",
          "Serilog.Sinks.Seq": "[6.0.0, )",
          "Todo.Services": "[1.0.0, )"
        }
      },
      "todo.webapi": {
        "type": "Project",
        "dependencies": {
          "Autofac.Extensions.DependencyInjection": "[8.0.0, )",
          "Microsoft.AspNetCore.Authentication.JwtBearer": "[8.0.0, )",
          "Todo.ApplicationFlows": "[1.0.0, )",
          "Todo.Commons": "[1.0.0, )",
          "Todo.Telemetry": "[1.0.0, )"
        }
      }
    }
  }
}